
Microsoft Visual Studio Solution File, Format Version 12.00
# Visual Studio 2012
VisualStudioVersion = 14.0.25420.1
MinimumVisualStudioVersion = 10.0.40219.1
Project("{FAE04EC0-301F-11D3-BF4B-00C04F79EFBC}") = "SilTools", "src\SilTools\SilTools.csproj", "{87F94FCC-BC32-4203-A919-115F4FF43FF0}"
EndProject
Project("{FAE04EC0-301F-11D3-BF4B-00C04F79EFBC}") = "PaToFdoInterfaces", "src\PaToFdoInterfaces\PaToFdoInterfaces.csproj", "{5540C524-713E-4842-BD59-35D5EA6A60C6}"
EndProject
Project("{FAE04EC0-301F-11D3-BF4B-00C04F79EFBC}") = "Pa-Linux", "src\Pa\Pa-Linux.csproj", "{C4347409-EFA4-47A0-AEF9-B6BB2378B1E5}"
EndProject
Project("{FAE04EC0-301F-11D3-BF4B-00C04F79EFBC}") = "DisablePASplashScreen-Linux", "src\DisablePASplashScreen\DisablePASplashScreen-Linux.csproj", "{B101E338-1CA4-4398-96DE-55DFF283EE70}"
EndProject
Project("{FAE04EC0-301F-11D3-BF4B-00C04F79EFBC}") = "PaTests-Linux", "src\PaTests\PaTests-Linux.csproj", "{B73CA343-F420-404F-A124-42AFF4BF38C6}"
EndProject
Global
	GlobalSection(SolutionConfigurationPlatforms) = preSolution
		Debug-Linux|Any CPU = Debug-Linux|Any CPU
		Debug-Linux|Mixed Platforms = Debug-Linux|Mixed Platforms
		Debug-Linux|x86 = Debug-Linux|x86
		Debug-Windows|Any CPU = Debug-Windows|Any CPU
		Debug-Windows|Mixed Platforms = Debug-Windows|Mixed Platforms
		Debug-Windows|x86 = Debug-Windows|x86
		Release-Linux|Any CPU = Release-Linux|Any CPU
		Release-Linux|Mixed Platforms = Release-Linux|Mixed Platforms
		Release-Linux|x86 = Release-Linux|x86
		Release-Windows|Any CPU = Release-Windows|Any CPU
		Release-Windows|Mixed Platforms = Release-Windows|Mixed Platforms
		Release-Windows|x86 = Release-Windows|x86
		Debug|Any CPU = Debug|Any CPU
		Debug|x86 = Debug|x86
	EndGlobalSection
	GlobalSection(ProjectConfigurationPlatforms) = postSolution
		{5540C524-713E-4842-BD59-35D5EA6A60C6}.Debug|Any CPU.ActiveCfg = Release-Windows|Any CPU
		{5540C524-713E-4842-BD59-35D5EA6A60C6}.Debug|Any CPU.Build.0 = Release-Windows|Any CPU
		{5540C524-713E-4842-BD59-35D5EA6A60C6}.Debug|x86.ActiveCfg = Release-Windows|x86
		{5540C524-713E-4842-BD59-35D5EA6A60C6}.Debug|x86.Build.0 = Release-Windows|x86
		{5540C524-713E-4842-BD59-35D5EA6A60C6}.Debug-Linux|Any CPU.ActiveCfg = Debug-Linux|Any CPU
		{5540C524-713E-4842-BD59-35D5EA6A60C6}.Debug-Linux|Any CPU.Build.0 = Debug-Linux|Any CPU
		{5540C524-713E-4842-BD59-35D5EA6A60C6}.Debug-Linux|Mixed Platforms.ActiveCfg = Debug-Linux|Any CPU
		{5540C524-713E-4842-BD59-35D5EA6A60C6}.Debug-Linux|Mixed Platforms.Build.0 = Debug-Linux|Any CPU
		{5540C524-713E-4842-BD59-35D5EA6A60C6}.Debug-Linux|x86.ActiveCfg = Debug-Linux|x86
		{5540C524-713E-4842-BD59-35D5EA6A60C6}.Debug-Linux|x86.Build.0 = Debug-Linux|x86
		{5540C524-713E-4842-BD59-35D5EA6A60C6}.Debug-Windows|Any CPU.ActiveCfg = Debug-Windows|Any CPU
		{5540C524-713E-4842-BD59-35D5EA6A60C6}.Debug-Windows|Any CPU.Build.0 = Debug-Windows|Any CPU
		{5540C524-713E-4842-BD59-35D5EA6A60C6}.Debug-Windows|Mixed Platforms.ActiveCfg = Debug-Windows|Any CPU
		{5540C524-713E-4842-BD59-35D5EA6A60C6}.Debug-Windows|Mixed Platforms.Build.0 = Debug-Windows|Any CPU
		{5540C524-713E-4842-BD59-35D5EA6A60C6}.Debug-Windows|x86.ActiveCfg = Debug-Windows|x86
		{5540C524-713E-4842-BD59-35D5EA6A60C6}.Debug-Windows|x86.Build.0 = Debug-Windows|x86
		{5540C524-713E-4842-BD59-35D5EA6A60C6}.Release-Linux|Any CPU.ActiveCfg = Release-Windows|Any CPU
		{5540C524-713E-4842-BD59-35D5EA6A60C6}.Release-Linux|Any CPU.Build.0 = Release-Windows|Any CPU
		{5540C524-713E-4842-BD59-35D5EA6A60C6}.Release-Linux|Mixed Platforms.ActiveCfg = Release-Windows|Any CPU
		{5540C524-713E-4842-BD59-35D5EA6A60C6}.Release-Linux|Mixed Platforms.Build.0 = Release-Windows|Any CPU
		{5540C524-713E-4842-BD59-35D5EA6A60C6}.Release-Linux|x86.ActiveCfg = Release-Windows|x86
		{5540C524-713E-4842-BD59-35D5EA6A60C6}.Release-Linux|x86.Build.0 = Release-Windows|x86
		{5540C524-713E-4842-BD59-35D5EA6A60C6}.Release-Windows|Any CPU.ActiveCfg = Release-Windows|Any CPU
		{5540C524-713E-4842-BD59-35D5EA6A60C6}.Release-Windows|Any CPU.Build.0 = Release-Windows|Any CPU
		{5540C524-713E-4842-BD59-35D5EA6A60C6}.Release-Windows|Mixed Platforms.ActiveCfg = Release-Windows|Any CPU
		{5540C524-713E-4842-BD59-35D5EA6A60C6}.Release-Windows|Mixed Platforms.Build.0 = Release-Windows|Any CPU
		{5540C524-713E-4842-BD59-35D5EA6A60C6}.Release-Windows|x86.ActiveCfg = Release-Windows|x86
		{5540C524-713E-4842-BD59-35D5EA6A60C6}.Release-Windows|x86.Build.0 = Release-Windows|x86
		{87F94FCC-BC32-4203-A919-115F4FF43FF0}.Debug|Any CPU.ActiveCfg = Debug-Windows|Any CPU
		{87F94FCC-BC32-4203-A919-115F4FF43FF0}.Debug|Any CPU.Build.0 = Debug-Windows|Any CPU
		{87F94FCC-BC32-4203-A919-115F4FF43FF0}.Debug|x86.ActiveCfg = Debug-Windows|x86
		{87F94FCC-BC32-4203-A919-115F4FF43FF0}.Debug|x86.Build.0 = Debug-Windows|x86
		{87F94FCC-BC32-4203-A919-115F4FF43FF0}.Debug-Linux|Any CPU.ActiveCfg = Debug-Linux|Any CPU
		{87F94FCC-BC32-4203-A919-115F4FF43FF0}.Debug-Linux|Any CPU.Build.0 = Debug-Linux|Any CPU
		{87F94FCC-BC32-4203-A919-115F4FF43FF0}.Debug-Linux|Mixed Platforms.ActiveCfg = Debug-Linux|Any CPU
		{87F94FCC-BC32-4203-A919-115F4FF43FF0}.Debug-Linux|Mixed Platforms.Build.0 = Debug-Linux|Any CPU
		{87F94FCC-BC32-4203-A919-115F4FF43FF0}.Debug-Linux|x86.ActiveCfg = Debug-Linux|x86
		{87F94FCC-BC32-4203-A919-115F4FF43FF0}.Debug-Linux|x86.Build.0 = Debug-Linux|x86
		{87F94FCC-BC32-4203-A919-115F4FF43FF0}.Debug-Windows|Any CPU.ActiveCfg = Debug-Windows|Any CPU
		{87F94FCC-BC32-4203-A919-115F4FF43FF0}.Debug-Windows|Any CPU.Build.0 = Debug-Windows|Any CPU
		{87F94FCC-BC32-4203-A919-115F4FF43FF0}.Debug-Windows|Mixed Platforms.ActiveCfg = Debug-Windows|Any CPU
		{87F94FCC-BC32-4203-A919-115F4FF43FF0}.Debug-Windows|Mixed Platforms.Build.0 = Debug-Windows|Any CPU
		{87F94FCC-BC32-4203-A919-115F4FF43FF0}.Debug-Windows|x86.ActiveCfg = Debug-Windows|x86
		{87F94FCC-BC32-4203-A919-115F4FF43FF0}.Debug-Windows|x86.Build.0 = Debug-Windows|x86
		{87F94FCC-BC32-4203-A919-115F4FF43FF0}.Release-Linux|Any CPU.ActiveCfg = Release-Windows|Any CPU
		{87F94FCC-BC32-4203-A919-115F4FF43FF0}.Release-Linux|Any CPU.Build.0 = Release-Windows|Any CPU
		{87F94FCC-BC32-4203-A919-115F4FF43FF0}.Release-Linux|Mixed Platforms.ActiveCfg = Release-Windows|Any CPU
		{87F94FCC-BC32-4203-A919-115F4FF43FF0}.Release-Linux|Mixed Platforms.Build.0 = Release-Windows|Any CPU
		{87F94FCC-BC32-4203-A919-115F4FF43FF0}.Release-Linux|x86.ActiveCfg = Release-Windows|x86
		{87F94FCC-BC32-4203-A919-115F4FF43FF0}.Release-Linux|x86.Build.0 = Release-Windows|x86
		{87F94FCC-BC32-4203-A919-115F4FF43FF0}.Release-Windows|Any CPU.ActiveCfg = Release-Windows|Any CPU
		{87F94FCC-BC32-4203-A919-115F4FF43FF0}.Release-Windows|Any CPU.Build.0 = Release-Windows|Any CPU
		{87F94FCC-BC32-4203-A919-115F4FF43FF0}.Release-Windows|Mixed Platforms.ActiveCfg = Release-Windows|Any CPU
		{87F94FCC-BC32-4203-A919-115F4FF43FF0}.Release-Windows|Mixed Platforms.Build.0 = Release-Windows|Any CPU
		{87F94FCC-BC32-4203-A919-115F4FF43FF0}.Release-Windows|x86.ActiveCfg = Release-Windows|x86
		{87F94FCC-BC32-4203-A919-115F4FF43FF0}.Release-Windows|x86.Build.0 = Release-Windows|x86
		{B101E338-1CA4-4398-96DE-55DFF283EE70}.Debug|Any CPU.ActiveCfg = Debug-Windows|Any CPU
		{B101E338-1CA4-4398-96DE-55DFF283EE70}.Debug|Any CPU.Build.0 = Debug-Windows|Any CPU
		{B101E338-1CA4-4398-96DE-55DFF283EE70}.Debug|x86.ActiveCfg = Debug-Windows|x86
		{B101E338-1CA4-4398-96DE-55DFF283EE70}.Debug|x86.Build.0 = Debug-Windows|x86
		{B101E338-1CA4-4398-96DE-55DFF283EE70}.Debug-Linux|Any CPU.ActiveCfg = Debug-Linux|Any CPU
		{B101E338-1CA4-4398-96DE-55DFF283EE70}.Debug-Linux|Any CPU.Build.0 = Debug-Linux|Any CPU
		{B101E338-1CA4-4398-96DE-55DFF283EE70}.Debug-Linux|Mixed Platforms.ActiveCfg = Debug-Linux|Any CPU
		{B101E338-1CA4-4398-96DE-55DFF283EE70}.Debug-Linux|Mixed Platforms.Build.0 = Debug-Linux|Any CPU
		{B101E338-1CA4-4398-96DE-55DFF283EE70}.Debug-Linux|x86.ActiveCfg = Debug-Linux|x86
		{B101E338-1CA4-4398-96DE-55DFF283EE70}.Debug-Linux|x86.Build.0 = Debug-Linux|x86
		{B101E338-1CA4-4398-96DE-55DFF283EE70}.Debug-Windows|Any CPU.ActiveCfg = Debug-Windows|Any CPU
		{B101E338-1CA4-4398-96DE-55DFF283EE70}.Debug-Windows|Any CPU.Build.0 = Debug-Windows|Any CPU
		{B101E338-1CA4-4398-96DE-55DFF283EE70}.Debug-Windows|Mixed Platforms.ActiveCfg = Debug-Windows|Any CPU
		{B101E338-1CA4-4398-96DE-55DFF283EE70}.Debug-Windows|Mixed Platforms.Build.0 = Debug-Windows|Any CPU
		{B101E338-1CA4-4398-96DE-55DFF283EE70}.Debug-Windows|x86.ActiveCfg = Debug-Windows|x86
		{B101E338-1CA4-4398-96DE-55DFF283EE70}.Debug-Windows|x86.Build.0 = Debug-Windows|x86
		{B101E338-1CA4-4398-96DE-55DFF283EE70}.Release-Linux|Any CPU.ActiveCfg = Release-Windows|Any CPU
		{B101E338-1CA4-4398-96DE-55DFF283EE70}.Release-Linux|Any CPU.Build.0 = Release-Windows|Any CPU
		{B101E338-1CA4-4398-96DE-55DFF283EE70}.Release-Linux|Mixed Platforms.ActiveCfg = Release-Windows|Any CPU
		{B101E338-1CA4-4398-96DE-55DFF283EE70}.Release-Linux|Mixed Platforms.Build.0 = Release-Windows|Any CPU
		{B101E338-1CA4-4398-96DE-55DFF283EE70}.Release-Linux|x86.ActiveCfg = Release-Windows|x86
		{B101E338-1CA4-4398-96DE-55DFF283EE70}.Release-Linux|x86.Build.0 = Release-Windows|x86
		{B101E338-1CA4-4398-96DE-55DFF283EE70}.Release-Windows|Any CPU.ActiveCfg = Release-Windows|Any CPU
		{B101E338-1CA4-4398-96DE-55DFF283EE70}.Release-Windows|Any CPU.Build.0 = Release-Windows|Any CPU
		{B101E338-1CA4-4398-96DE-55DFF283EE70}.Release-Windows|Mixed Platforms.ActiveCfg = Release-Windows|Any CPU
		{B101E338-1CA4-4398-96DE-55DFF283EE70}.Release-Windows|Mixed Platforms.Build.0 = Release-Windows|Any CPU
		{B101E338-1CA4-4398-96DE-55DFF283EE70}.Release-Windows|x86.ActiveCfg = Release-Windows|x86
		{B101E338-1CA4-4398-96DE-55DFF283EE70}.Release-Windows|x86.Build.0 = Release-Windows|x86
		{B73CA343-F420-404F-A124-42AFF4BF38C6}.Debug|Any CPU.ActiveCfg = Debug|Any CPU
		{B73CA343-F420-404F-A124-42AFF4BF38C6}.Debug|Any CPU.Build.0 = Debug|Any CPU
		{B73CA343-F420-404F-A124-42AFF4BF38C6}.Debug|x86.ActiveCfg = Debug|x86
		{B73CA343-F420-404F-A124-42AFF4BF38C6}.Debug|x86.Build.0 = Debug|x86
		{B73CA343-F420-404F-A124-42AFF4BF38C6}.Debug-Linux|Any CPU.ActiveCfg = Debug-Windows|Any CPU
		{B73CA343-F420-404F-A124-42AFF4BF38C6}.Debug-Linux|Any CPU.Build.0 = Debug-Windows|Any CPU
		{B73CA343-F420-404F-A124-42AFF4BF38C6}.Debug-Linux|Mixed Platforms.ActiveCfg = Debug-Windows|Any CPU
		{B73CA343-F420-404F-A124-42AFF4BF38C6}.Debug-Linux|Mixed Platforms.Build.0 = Debug-Windows|Any CPU
		{B73CA343-F420-404F-A124-42AFF4BF38C6}.Debug-Linux|x86.ActiveCfg = Debug-Windows|x86
		{B73CA343-F420-404F-A124-42AFF4BF38C6}.Debug-Linux|x86.Build.0 = Debug-Windows|x86
		{B73CA343-F420-404F-A124-42AFF4BF38C6}.Debug-Windows|Any CPU.ActiveCfg = Debug-Windows|Any CPU
		{B73CA343-F420-404F-A124-42AFF4BF38C6}.Debug-Windows|Any CPU.Build.0 = Debug-Windows|Any CPU
		{B73CA343-F420-404F-A124-42AFF4BF38C6}.Debug-Windows|Mixed Platforms.ActiveCfg = Debug-Windows|Any CPU
		{B73CA343-F420-404F-A124-42AFF4BF38C6}.Debug-Windows|Mixed Platforms.Build.0 = Debug-Windows|Any CPU
		{B73CA343-F420-404F-A124-42AFF4BF38C6}.Debug-Windows|x86.ActiveCfg = Debug-Windows|x86
		{B73CA343-F420-404F-A124-42AFF4BF38C6}.Debug-Windows|x86.Build.0 = Debug-Windows|x86
		{B73CA343-F420-404F-A124-42AFF4BF38C6}.Release-Linux|Any CPU.ActiveCfg = Release-Windows|Any CPU
		{B73CA343-F420-404F-A124-42AFF4BF38C6}.Release-Linux|Any CPU.Build.0 = Release-Windows|Any CPU
		{B73CA343-F420-404F-A124-42AFF4BF38C6}.Release-Linux|Mixed Platforms.ActiveCfg = Release-Windows|Any CPU
		{B73CA343-F420-404F-A124-42AFF4BF38C6}.Release-Linux|Mixed Platforms.Build.0 = Release-Windows|Any CPU
		{B73CA343-F420-404F-A124-42AFF4BF38C6}.Release-Linux|x86.ActiveCfg = Release-Windows|x86
		{B73CA343-F420-404F-A124-42AFF4BF38C6}.Release-Linux|x86.Build.0 = Release-Windows|x86
		{B73CA343-F420-404F-A124-42AFF4BF38C6}.Release-Windows|Any CPU.ActiveCfg = Release-Windows|Any CPU
		{B73CA343-F420-404F-A124-42AFF4BF38C6}.Release-Windows|Any CPU.Build.0 = Release-Windows|Any CPU
		{B73CA343-F420-404F-A124-42AFF4BF38C6}.Release-Windows|Mixed Platforms.ActiveCfg = Release-Windows|Any CPU
		{B73CA343-F420-404F-A124-42AFF4BF38C6}.Release-Windows|Mixed Platforms.Build.0 = Release-Windows|Any CPU
		{B73CA343-F420-404F-A124-42AFF4BF38C6}.Release-Windows|x86.ActiveCfg = Release-Windows|x86
		{B73CA343-F420-404F-A124-42AFF4BF38C6}.Release-Windows|x86.Build.0 = Release-Windows|x86
		{C4347409-EFA4-47A0-AEF9-B6BB2378B1E5}.Debug|Any CPU.ActiveCfg = Debug-Windows|Any CPU
		{C4347409-EFA4-47A0-AEF9-B6BB2378B1E5}.Debug|Any CPU.Build.0 = Debug-Windows|Any CPU
		{C4347409-EFA4-47A0-AEF9-B6BB2378B1E5}.Debug|x86.ActiveCfg = Debug-Windows|x86
		{C4347409-EFA4-47A0-AEF9-B6BB2378B1E5}.Debug|x86.Build.0 = Debug-Windows|x86
		{C4347409-EFA4-47A0-AEF9-B6BB2378B1E5}.Debug-Linux|Any CPU.ActiveCfg = Debug-Linux|Any CPU
		{C4347409-EFA4-47A0-AEF9-B6BB2378B1E5}.Debug-Linux|Any CPU.Build.0 = Debug-Linux|Any CPU
		{C4347409-EFA4-47A0-AEF9-B6BB2378B1E5}.Debug-Linux|Mixed Platforms.ActiveCfg = Debug-Linux|Any CPU
		{C4347409-EFA4-47A0-AEF9-B6BB2378B1E5}.Debug-Linux|Mixed Platforms.Build.0 = Debug-Linux|Any CPU
		{C4347409-EFA4-47A0-AEF9-B6BB2378B1E5}.Debug-Linux|x86.ActiveCfg = Debug-Linux|x86
		{C4347409-EFA4-47A0-AEF9-B6BB2378B1E5}.Debug-Linux|x86.Build.0 = Debug-Linux|x86
		{C4347409-EFA4-47A0-AEF9-B6BB2378B1E5}.Debug-Windows|Any CPU.ActiveCfg = Debug-Windows|Any CPU
		{C4347409-EFA4-47A0-AEF9-B6BB2378B1E5}.Debug-Windows|Any CPU.Build.0 = Debug-Windows|Any CPU
		{C4347409-EFA4-47A0-AEF9-B6BB2378B1E5}.Debug-Windows|Mixed Platforms.ActiveCfg = Debug-Windows|Any CPU
		{C4347409-EFA4-47A0-AEF9-B6BB2378B1E5}.Debug-Windows|Mixed Platforms.Build.0 = Debug-Windows|Any CPU
		{C4347409-EFA4-47A0-AEF9-B6BB2378B1E5}.Debug-Windows|x86.ActiveCfg = Debug-Windows|x86
		{C4347409-EFA4-47A0-AEF9-B6BB2378B1E5}.Debug-Windows|x86.Build.0 = Debug-Windows|x86
		{C4347409-EFA4-47A0-AEF9-B6BB2378B1E5}.Release-Linux|Any CPU.ActiveCfg = Release-Windows|Any CPU
		{C4347409-EFA4-47A0-AEF9-B6BB2378B1E5}.Release-Linux|Any CPU.Build.0 = Release-Windows|Any CPU
		{C4347409-EFA4-47A0-AEF9-B6BB2378B1E5}.Release-Linux|Mixed Platforms.ActiveCfg = Release-Windows|Any CPU
		{C4347409-EFA4-47A0-AEF9-B6BB2378B1E5}.Release-Linux|Mixed Platforms.Build.0 = Release-Windows|Any CPU
		{C4347409-EFA4-47A0-AEF9-B6BB2378B1E5}.Release-Linux|x86.ActiveCfg = Release-Windows|x86
		{C4347409-EFA4-47A0-AEF9-B6BB2378B1E5}.Release-Linux|x86.Build.0 = Release-Windows|x86
		{C4347409-EFA4-47A0-AEF9-B6BB2378B1E5}.Release-Windows|Any CPU.ActiveCfg = Release-Windows|Any CPU
		{C4347409-EFA4-47A0-AEF9-B6BB2378B1E5}.Release-Windows|Any CPU.Build.0 = Release-Windows|Any CPU
		{C4347409-EFA4-47A0-AEF9-B6BB2378B1E5}.Release-Windows|Mixed Platforms.ActiveCfg = Release-Windows|Any CPU
		{C4347409-EFA4-47A0-AEF9-B6BB2378B1E5}.Release-Windows|Mixed Platforms.Build.0 = Release-Windows|Any CPU
		{C4347409-EFA4-47A0-AEF9-B6BB2378B1E5}.Release-Windows|x86.ActiveCfg = Release-Windows|x86
		{C4347409-EFA4-47A0-AEF9-B6BB2378B1E5}.Release-Windows|x86.Build.0 = Release-Windows|x86
	EndGlobalSection
	GlobalSection(SolutionProperties) = preSolution
		HideSolutionNode = FALSE
	EndGlobalSection
EndGlobal
