
Microsoft Visual Studio Solution File, Format Version 12.00
# Visual Studio 14
VisualStudioVersion = 14.0.25420.1
MinimumVisualStudioVersion = 10.0.40219.1
Project("{FAE04EC0-301F-11D3-BF4B-00C04F79EFBC}") = "DisablePASplashScreen", "src\DisablePASplashScreen\DisablePASplashScreen.csproj", "{B101E338-1CA4-4398-96DE-55DFF283EE70}"
	ProjectSection(ProjectDependencies) = postProject
		{87F94FCC-BC32-4203-A919-115F4FF43FF0} = {87F94FCC-BC32-4203-A919-115F4FF43FF0}
	EndProjectSection
EndProject
Project("{FAE04EC0-301F-11D3-BF4B-00C04F79EFBC}") = "Pa", "src\Pa\Pa.csproj", "{C4347409-EFA4-47A0-AEF9-B6BB2378B1E5}"
	ProjectSection(ProjectDependencies) = postProject
		{87F94FCC-BC32-4203-A919-115F4FF43FF0} = {87F94FCC-BC32-4203-A919-115F4FF43FF0}
	EndProjectSection
EndProject
Project("{930C7802-8A8C-48F9-8165-68863BCCD9DD}") = "Installer", "Installer\Installer.wixproj", "{B7E79978-C573-4F3F-9ECD-F38F65F515DB}"
	ProjectSection(ProjectDependencies) = postProject
		{C4347409-EFA4-47A0-AEF9-B6BB2378B1E5} = {C4347409-EFA4-47A0-AEF9-B6BB2378B1E5}
		{5540C524-713E-4842-BD59-35D5EA6A60C6} = {5540C524-713E-4842-BD59-35D5EA6A60C6}
		{B101E338-1CA4-4398-96DE-55DFF283EE70} = {B101E338-1CA4-4398-96DE-55DFF283EE70}
		{87F94FCC-BC32-4203-A919-115F4FF43FF0} = {87F94FCC-BC32-4203-A919-115F4FF43FF0}
	EndProjectSection
EndProject
Project("{FAE04EC0-301F-11D3-BF4B-00C04F79EFBC}") = "SilTools", "src\SilTools\SilTools.csproj", "{87F94FCC-BC32-4203-A919-115F4FF43FF0}"
EndProject
Project("{FAE04EC0-301F-11D3-BF4B-00C04F79EFBC}") = "PaToFdoInterfaces", "src\PaToFdoInterfaces\PaToFdoInterfaces.csproj", "{5540C524-713E-4842-BD59-35D5EA6A60C6}"
EndProject
Project("{FAE04EC0-301F-11D3-BF4B-00C04F79EFBC}") = "PaTests", "src\PaTests\PaTests.csproj", "{B73CA343-F420-404F-A124-42AFF4BF38C6}"
EndProject
Project("{930C7802-8A8C-48F9-8165-68863BCCD9DD}") = "InstallerWithoutTrainingMaterial", "Installer\InstallerWithoutTrainingMaterial.wixproj", "{50F62DE8-5F1F-46C2-9A03-582F4FF79897}"
	ProjectSection(ProjectDependencies) = postProject
		{C4347409-EFA4-47A0-AEF9-B6BB2378B1E5} = {C4347409-EFA4-47A0-AEF9-B6BB2378B1E5}
		{5540C524-713E-4842-BD59-35D5EA6A60C6} = {5540C524-713E-4842-BD59-35D5EA6A60C6}
		{B101E338-1CA4-4398-96DE-55DFF283EE70} = {B101E338-1CA4-4398-96DE-55DFF283EE70}
		{B7E79978-C573-4F3F-9ECD-F38F65F515DB} = {B7E79978-C573-4F3F-9ECD-F38F65F515DB}
		{87F94FCC-BC32-4203-A919-115F4FF43FF0} = {87F94FCC-BC32-4203-A919-115F4FF43FF0}
	EndProjectSection
EndProject
Project("{FAE04EC0-301F-11D3-BF4B-00C04F79EFBC}") = "DownloadInfoTemplate", "src\DownloadInfoTemplate\DownloadInfoTemplate.csproj", "{D5F1E780-2C05-4BF1-A9C6-1FBD060E48FE}"
EndProject
Global
	GlobalSection(SolutionConfigurationPlatforms) = preSolution
		Debug|Any CPU = Debug|Any CPU
		Debug|Mixed Platforms = Debug|Mixed Platforms
		Debug|x86 = Debug|x86
		Debug-Linux|Any CPU = Debug-Linux|Any CPU
		Debug-Linux|Mixed Platforms = Debug-Linux|Mixed Platforms
		Debug-Linux|x86 = Debug-Linux|x86
		Debug-Windows|Any CPU = Debug-Windows|Any CPU
		Debug-Windows|Mixed Platforms = Debug-Windows|Mixed Platforms
		Debug-Windows|x86 = Debug-Windows|x86
		Release|Any CPU = Release|Any CPU
		Release|Mixed Platforms = Release|Mixed Platforms
		Release|x86 = Release|x86
		Release-Linux|Any CPU = Release-Linux|Any CPU
		Release-Linux|Mixed Platforms = Release-Linux|Mixed Platforms
		Release-Linux|x86 = Release-Linux|x86
		Release-Windows|Any CPU = Release-Windows|Any CPU
		Release-Windows|Mixed Platforms = Release-Windows|Mixed Platforms
		Release-Windows|x86 = Release-Windows|x86
	EndGlobalSection
	GlobalSection(ProjectConfigurationPlatforms) = postSolution
		{B101E338-1CA4-4398-96DE-55DFF283EE70}.Debug|Any CPU.ActiveCfg = Debug-Windows|Any CPU
		{B101E338-1CA4-4398-96DE-55DFF283EE70}.Debug|Any CPU.Build.0 = Debug-Windows|Any CPU
		{B101E338-1CA4-4398-96DE-55DFF283EE70}.Debug|Mixed Platforms.ActiveCfg = Debug-Windows|x86
		{B101E338-1CA4-4398-96DE-55DFF283EE70}.Debug|Mixed Platforms.Build.0 = Debug-Windows|x86
		{B101E338-1CA4-4398-96DE-55DFF283EE70}.Debug|x86.ActiveCfg = Debug-Windows|x86
		{B101E338-1CA4-4398-96DE-55DFF283EE70}.Debug|x86.Build.0 = Debug-Windows|x86
		{B101E338-1CA4-4398-96DE-55DFF283EE70}.Debug-Linux|Any CPU.ActiveCfg = Debug-Linux|Any CPU
		{B101E338-1CA4-4398-96DE-55DFF283EE70}.Debug-Linux|Any CPU.Build.0 = Debug-Linux|Any CPU
		{B101E338-1CA4-4398-96DE-55DFF283EE70}.Debug-Linux|Mixed Platforms.ActiveCfg = Debug-Linux|Any CPU
		{B101E338-1CA4-4398-96DE-55DFF283EE70}.Debug-Linux|Mixed Platforms.Build.0 = Debug-Linux|Any CPU
		{B101E338-1CA4-4398-96DE-55DFF283EE70}.Debug-Linux|x86.ActiveCfg = Debug-Linux|x86
		{B101E338-1CA4-4398-96DE-55DFF283EE70}.Debug-Linux|x86.Build.0 = Debug-Linux|x86
		{B101E338-1CA4-4398-96DE-55DFF283EE70}.Debug-Windows|Any CPU.ActiveCfg = Debug-Windows|Any CPU
		{B101E338-1CA4-4398-96DE-55DFF283EE70}.Debug-Windows|Any CPU.Build.0 = Debug-Windows|Any CPU
		{B101E338-1CA4-4398-96DE-55DFF283EE70}.Debug-Windows|Mixed Platforms.ActiveCfg = Debug-Windows|Any CPU
		{B101E338-1CA4-4398-96DE-55DFF283EE70}.Debug-Windows|Mixed Platforms.Build.0 = Debug-Windows|Any CPU
		{B101E338-1CA4-4398-96DE-55DFF283EE70}.Debug-Windows|x86.ActiveCfg = Debug-Windows|x86
		{B101E338-1CA4-4398-96DE-55DFF283EE70}.Debug-Windows|x86.Build.0 = Debug-Windows|x86
		{B101E338-1CA4-4398-96DE-55DFF283EE70}.Release|Any CPU.ActiveCfg = Release-Windows|Any CPU
		{B101E338-1CA4-4398-96DE-55DFF283EE70}.Release|Any CPU.Build.0 = Release-Windows|Any CPU
		{B101E338-1CA4-4398-96DE-55DFF283EE70}.Release|Mixed Platforms.ActiveCfg = Release-Windows|x86
		{B101E338-1CA4-4398-96DE-55DFF283EE70}.Release|Mixed Platforms.Build.0 = Release-Windows|x86
		{B101E338-1CA4-4398-96DE-55DFF283EE70}.Release|x86.ActiveCfg = Release-Windows|x86
		{B101E338-1CA4-4398-96DE-55DFF283EE70}.Release|x86.Build.0 = Release-Windows|x86
		{B101E338-1CA4-4398-96DE-55DFF283EE70}.Release-Linux|Any CPU.ActiveCfg = Release-Windows|Any CPU
		{B101E338-1CA4-4398-96DE-55DFF283EE70}.Release-Linux|Any CPU.Build.0 = Release-Windows|Any CPU
		{B101E338-1CA4-4398-96DE-55DFF283EE70}.Release-Linux|Mixed Platforms.ActiveCfg = Release-Windows|Any CPU
		{B101E338-1CA4-4398-96DE-55DFF283EE70}.Release-Linux|Mixed Platforms.Build.0 = Release-Windows|Any CPU
		{B101E338-1CA4-4398-96DE-55DFF283EE70}.Release-Linux|x86.ActiveCfg = Release-Windows|x86
		{B101E338-1CA4-4398-96DE-55DFF283EE70}.Release-Linux|x86.Build.0 = Release-Windows|x86
		{B101E338-1CA4-4398-96DE-55DFF283EE70}.Release-Windows|Any CPU.ActiveCfg = Release-Windows|Any CPU
		{B101E338-1CA4-4398-96DE-55DFF283EE70}.Release-Windows|Any CPU.Build.0 = Release-Windows|Any CPU
		{B101E338-1CA4-4398-96DE-55DFF283EE70}.Release-Windows|Mixed Platforms.ActiveCfg = Release-Windows|Any CPU
		{B101E338-1CA4-4398-96DE-55DFF283EE70}.Release-Windows|Mixed Platforms.Build.0 = Release-Windows|Any CPU
		{B101E338-1CA4-4398-96DE-55DFF283EE70}.Release-Windows|x86.ActiveCfg = Release-Windows|x86
		{B101E338-1CA4-4398-96DE-55DFF283EE70}.Release-Windows|x86.Build.0 = Release-Windows|x86
		{C4347409-EFA4-47A0-AEF9-B6BB2378B1E5}.Debug|Any CPU.ActiveCfg = Debug-Windows|Any CPU
		{C4347409-EFA4-47A0-AEF9-B6BB2378B1E5}.Debug|Any CPU.Build.0 = Debug-Windows|Any CPU
		{C4347409-EFA4-47A0-AEF9-B6BB2378B1E5}.Debug|Mixed Platforms.ActiveCfg = Debug-Windows|x86
		{C4347409-EFA4-47A0-AEF9-B6BB2378B1E5}.Debug|Mixed Platforms.Build.0 = Debug-Windows|x86
		{C4347409-EFA4-47A0-AEF9-B6BB2378B1E5}.Debug|x86.ActiveCfg = Debug-Windows|x86
		{C4347409-EFA4-47A0-AEF9-B6BB2378B1E5}.Debug|x86.Build.0 = Debug-Windows|x86
		{C4347409-EFA4-47A0-AEF9-B6BB2378B1E5}.Debug-Linux|Any CPU.ActiveCfg = Debug-Linux|Any CPU
		{C4347409-EFA4-47A0-AEF9-B6BB2378B1E5}.Debug-Linux|Any CPU.Build.0 = Debug-Linux|Any CPU
		{C4347409-EFA4-47A0-AEF9-B6BB2378B1E5}.Debug-Linux|Mixed Platforms.ActiveCfg = Debug-Linux|Any CPU
		{C4347409-EFA4-47A0-AEF9-B6BB2378B1E5}.Debug-Linux|Mixed Platforms.Build.0 = Debug-Linux|Any CPU
		{C4347409-EFA4-47A0-AEF9-B6BB2378B1E5}.Debug-Linux|x86.ActiveCfg = Debug-Linux|x86
		{C4347409-EFA4-47A0-AEF9-B6BB2378B1E5}.Debug-Linux|x86.Build.0 = Debug-Linux|x86
		{C4347409-EFA4-47A0-AEF9-B6BB2378B1E5}.Debug-Windows|Any CPU.ActiveCfg = Debug-Windows|Any CPU
		{C4347409-EFA4-47A0-AEF9-B6BB2378B1E5}.Debug-Windows|Any CPU.Build.0 = Debug-Windows|Any CPU
		{C4347409-EFA4-47A0-AEF9-B6BB2378B1E5}.Debug-Windows|Mixed Platforms.ActiveCfg = Debug-Windows|Any CPU
		{C4347409-EFA4-47A0-AEF9-B6BB2378B1E5}.Debug-Windows|Mixed Platforms.Build.0 = Debug-Windows|Any CPU
		{C4347409-EFA4-47A0-AEF9-B6BB2378B1E5}.Debug-Windows|x86.ActiveCfg = Debug-Windows|x86
		{C4347409-EFA4-47A0-AEF9-B6BB2378B1E5}.Debug-Windows|x86.Build.0 = Debug-Windows|x86
		{C4347409-EFA4-47A0-AEF9-B6BB2378B1E5}.Release|Any CPU.ActiveCfg = Release-Windows|Any CPU
		{C4347409-EFA4-47A0-AEF9-B6BB2378B1E5}.Release|Any CPU.Build.0 = Release-Windows|Any CPU
		{C4347409-EFA4-47A0-AEF9-B6BB2378B1E5}.Release|Mixed Platforms.ActiveCfg = Release-Windows|x86
		{C4347409-EFA4-47A0-AEF9-B6BB2378B1E5}.Release|Mixed Platforms.Build.0 = Release-Windows|x86
		{C4347409-EFA4-47A0-AEF9-B6BB2378B1E5}.Release|x86.ActiveCfg = Release-Windows|x86
		{C4347409-EFA4-47A0-AEF9-B6BB2378B1E5}.Release|x86.Build.0 = Release-Windows|x86
		{C4347409-EFA4-47A0-AEF9-B6BB2378B1E5}.Release-Linux|Any CPU.ActiveCfg = Release-Windows|Any CPU
		{C4347409-EFA4-47A0-AEF9-B6BB2378B1E5}.Release-Linux|Any CPU.Build.0 = Release-Windows|Any CPU
		{C4347409-EFA4-47A0-AEF9-B6BB2378B1E5}.Release-Linux|Mixed Platforms.ActiveCfg = Release-Windows|Any CPU
		{C4347409-EFA4-47A0-AEF9-B6BB2378B1E5}.Release-Linux|Mixed Platforms.Build.0 = Release-Windows|Any CPU
		{C4347409-EFA4-47A0-AEF9-B6BB2378B1E5}.Release-Linux|x86.ActiveCfg = Release-Windows|x86
		{C4347409-EFA4-47A0-AEF9-B6BB2378B1E5}.Release-Linux|x86.Build.0 = Release-Windows|x86
		{C4347409-EFA4-47A0-AEF9-B6BB2378B1E5}.Release-Windows|Any CPU.ActiveCfg = Release-Windows|Any CPU
		{C4347409-EFA4-47A0-AEF9-B6BB2378B1E5}.Release-Windows|Any CPU.Build.0 = Release-Windows|Any CPU
		{C4347409-EFA4-47A0-AEF9-B6BB2378B1E5}.Release-Windows|Mixed Platforms.ActiveCfg = Release-Windows|Any CPU
		{C4347409-EFA4-47A0-AEF9-B6BB2378B1E5}.Release-Windows|Mixed Platforms.Build.0 = Release-Windows|Any CPU
		{C4347409-EFA4-47A0-AEF9-B6BB2378B1E5}.Release-Windows|x86.ActiveCfg = Release-Windows|x86
		{C4347409-EFA4-47A0-AEF9-B6BB2378B1E5}.Release-Windows|x86.Build.0 = Release-Windows|x86
		{B7E79978-C573-4F3F-9ECD-F38F65F515DB}.Debug|Any CPU.ActiveCfg = Debug|x86
		{B7E79978-C573-4F3F-9ECD-F38F65F515DB}.Debug|Mixed Platforms.ActiveCfg = Debug|x86
		{B7E79978-C573-4F3F-9ECD-F38F65F515DB}.Debug|Mixed Platforms.Build.0 = Debug|x86
		{B7E79978-C573-4F3F-9ECD-F38F65F515DB}.Debug|x86.ActiveCfg = Debug|x86
		{B7E79978-C573-4F3F-9ECD-F38F65F515DB}.Debug|x86.Build.0 = Debug|x86
		{B7E79978-C573-4F3F-9ECD-F38F65F515DB}.Debug-Linux|Any CPU.ActiveCfg = Debug|x86
		{B7E79978-C573-4F3F-9ECD-F38F65F515DB}.Debug-Linux|Mixed Platforms.ActiveCfg = Debug|x86
		{B7E79978-C573-4F3F-9ECD-F38F65F515DB}.Debug-Linux|Mixed Platforms.Build.0 = Debug|x86
		{B7E79978-C573-4F3F-9ECD-F38F65F515DB}.Debug-Linux|x86.ActiveCfg = Debug|x86
		{B7E79978-C573-4F3F-9ECD-F38F65F515DB}.Debug-Windows|Any CPU.ActiveCfg = Debug|x86
		{B7E79978-C573-4F3F-9ECD-F38F65F515DB}.Debug-Windows|Mixed Platforms.ActiveCfg = Debug|x86
		{B7E79978-C573-4F3F-9ECD-F38F65F515DB}.Debug-Windows|x86.ActiveCfg = Debug|x86
		{B7E79978-C573-4F3F-9ECD-F38F65F515DB}.Release|Any CPU.ActiveCfg = Release|x86
		{B7E79978-C573-4F3F-9ECD-F38F65F515DB}.Release|Mixed Platforms.ActiveCfg = Release|x86
		{B7E79978-C573-4F3F-9ECD-F38F65F515DB}.Release|Mixed Platforms.Build.0 = Release|x86
		{B7E79978-C573-4F3F-9ECD-F38F65F515DB}.Release|x86.ActiveCfg = Release|x86
		{B7E79978-C573-4F3F-9ECD-F38F65F515DB}.Release|x86.Build.0 = Release|x86
		{B7E79978-C573-4F3F-9ECD-F38F65F515DB}.Release-Linux|Any CPU.ActiveCfg = Release|x86
		{B7E79978-C573-4F3F-9ECD-F38F65F515DB}.Release-Linux|Mixed Platforms.ActiveCfg = Release|x86
		{B7E79978-C573-4F3F-9ECD-F38F65F515DB}.Release-Linux|Mixed Platforms.Build.0 = Release|x86
		{B7E79978-C573-4F3F-9ECD-F38F65F515DB}.Release-Linux|x86.ActiveCfg = Release|x86
		{B7E79978-C573-4F3F-9ECD-F38F65F515DB}.Release-Linux|x86.Build.0 = Release|x86
		{B7E79978-C573-4F3F-9ECD-F38F65F515DB}.Release-Windows|Any CPU.ActiveCfg = Release|x86
		{B7E79978-C573-4F3F-9ECD-F38F65F515DB}.Release-Windows|Mixed Platforms.ActiveCfg = Release|x86
		{B7E79978-C573-4F3F-9ECD-F38F65F515DB}.Release-Windows|Mixed Platforms.Build.0 = Release|x86
		{B7E79978-C573-4F3F-9ECD-F38F65F515DB}.Release-Windows|x86.ActiveCfg = Release|x86
		{B7E79978-C573-4F3F-9ECD-F38F65F515DB}.Release-Windows|x86.Build.0 = Release|x86
		{87F94FCC-BC32-4203-A919-115F4FF43FF0}.Debug|Any CPU.ActiveCfg = Debug-Windows|Any CPU
		{87F94FCC-BC32-4203-A919-115F4FF43FF0}.Debug|Any CPU.Build.0 = Debug-Windows|Any CPU
		{87F94FCC-BC32-4203-A919-115F4FF43FF0}.Debug|Mixed Platforms.ActiveCfg = Debug-Windows|x86
		{87F94FCC-BC32-4203-A919-115F4FF43FF0}.Debug|Mixed Platforms.Build.0 = Debug-Windows|x86
		{87F94FCC-BC32-4203-A919-115F4FF43FF0}.Debug|x86.ActiveCfg = Debug-Windows|x86
		{87F94FCC-BC32-4203-A919-115F4FF43FF0}.Debug|x86.Build.0 = Debug-Windows|x86
		{87F94FCC-BC32-4203-A919-115F4FF43FF0}.Debug-Linux|Any CPU.ActiveCfg = Debug-Linux|Any CPU
		{87F94FCC-BC32-4203-A919-115F4FF43FF0}.Debug-Linux|Any CPU.Build.0 = Debug-Linux|Any CPU
		{87F94FCC-BC32-4203-A919-115F4FF43FF0}.Debug-Linux|Mixed Platforms.ActiveCfg = Debug-Linux|Any CPU
		{87F94FCC-BC32-4203-A919-115F4FF43FF0}.Debug-Linux|Mixed Platforms.Build.0 = Debug-Linux|Any CPU
		{87F94FCC-BC32-4203-A919-115F4FF43FF0}.Debug-Linux|x86.ActiveCfg = Debug-Linux|x86
		{87F94FCC-BC32-4203-A919-115F4FF43FF0}.Debug-Linux|x86.Build.0 = Debug-Linux|x86
		{87F94FCC-BC32-4203-A919-115F4FF43FF0}.Debug-Windows|Any CPU.ActiveCfg = Debug-Windows|Any CPU
		{87F94FCC-BC32-4203-A919-115F4FF43FF0}.Debug-Windows|Any CPU.Build.0 = Debug-Windows|Any CPU
		{87F94FCC-BC32-4203-A919-115F4FF43FF0}.Debug-Windows|Mixed Platforms.ActiveCfg = Debug-Windows|Any CPU
		{87F94FCC-BC32-4203-A919-115F4FF43FF0}.Debug-Windows|Mixed Platforms.Build.0 = Debug-Windows|Any CPU
		{87F94FCC-BC32-4203-A919-115F4FF43FF0}.Debug-Windows|x86.ActiveCfg = Debug-Windows|x86
		{87F94FCC-BC32-4203-A919-115F4FF43FF0}.Debug-Windows|x86.Build.0 = Debug-Windows|x86
		{87F94FCC-BC32-4203-A919-115F4FF43FF0}.Release|Any CPU.ActiveCfg = Release-Windows|Any CPU
		{87F94FCC-BC32-4203-A919-115F4FF43FF0}.Release|Any CPU.Build.0 = Release-Windows|Any CPU
		{87F94FCC-BC32-4203-A919-115F4FF43FF0}.Release|Mixed Platforms.ActiveCfg = Release-Windows|x86
		{87F94FCC-BC32-4203-A919-115F4FF43FF0}.Release|Mixed Platforms.Build.0 = Release-Windows|x86
		{87F94FCC-BC32-4203-A919-115F4FF43FF0}.Release|x86.ActiveCfg = Release-Windows|x86
		{87F94FCC-BC32-4203-A919-115F4FF43FF0}.Release|x86.Build.0 = Release-Windows|x86
		{87F94FCC-BC32-4203-A919-115F4FF43FF0}.Release-Linux|Any CPU.ActiveCfg = Release-Windows|Any CPU
		{87F94FCC-BC32-4203-A919-115F4FF43FF0}.Release-Linux|Any CPU.Build.0 = Release-Windows|Any CPU
		{87F94FCC-BC32-4203-A919-115F4FF43FF0}.Release-Linux|Mixed Platforms.ActiveCfg = Release-Windows|Any CPU
		{87F94FCC-BC32-4203-A919-115F4FF43FF0}.Release-Linux|Mixed Platforms.Build.0 = Release-Windows|Any CPU
		{87F94FCC-BC32-4203-A919-115F4FF43FF0}.Release-Linux|x86.ActiveCfg = Release-Windows|x86
		{87F94FCC-BC32-4203-A919-115F4FF43FF0}.Release-Linux|x86.Build.0 = Release-Windows|x86
		{87F94FCC-BC32-4203-A919-115F4FF43FF0}.Release-Windows|Any CPU.ActiveCfg = Release-Windows|Any CPU
		{87F94FCC-BC32-4203-A919-115F4FF43FF0}.Release-Windows|Any CPU.Build.0 = Release-Windows|Any CPU
		{87F94FCC-BC32-4203-A919-115F4FF43FF0}.Release-Windows|Mixed Platforms.ActiveCfg = Release-Windows|Any CPU
		{87F94FCC-BC32-4203-A919-115F4FF43FF0}.Release-Windows|Mixed Platforms.Build.0 = Release-Windows|Any CPU
		{87F94FCC-BC32-4203-A919-115F4FF43FF0}.Release-Windows|x86.ActiveCfg = Release-Windows|x86
		{87F94FCC-BC32-4203-A919-115F4FF43FF0}.Release-Windows|x86.Build.0 = Release-Windows|x86
		{5540C524-713E-4842-BD59-35D5EA6A60C6}.Debug|Any CPU.ActiveCfg = Debug-Windows|Any CPU
		{5540C524-713E-4842-BD59-35D5EA6A60C6}.Debug|Any CPU.Build.0 = Debug-Windows|Any CPU
		{5540C524-713E-4842-BD59-35D5EA6A60C6}.Debug|Mixed Platforms.ActiveCfg = Debug-Windows|x86
		{5540C524-713E-4842-BD59-35D5EA6A60C6}.Debug|Mixed Platforms.Build.0 = Debug-Windows|x86
		{5540C524-713E-4842-BD59-35D5EA6A60C6}.Debug|x86.ActiveCfg = Debug-Windows|x86
		{5540C524-713E-4842-BD59-35D5EA6A60C6}.Debug|x86.Build.0 = Debug-Windows|x86
		{5540C524-713E-4842-BD59-35D5EA6A60C6}.Debug-Linux|Any CPU.ActiveCfg = Debug-Linux|Any CPU
		{5540C524-713E-4842-BD59-35D5EA6A60C6}.Debug-Linux|Any CPU.Build.0 = Debug-Linux|Any CPU
		{5540C524-713E-4842-BD59-35D5EA6A60C6}.Debug-Linux|Mixed Platforms.ActiveCfg = Debug-Linux|Any CPU
		{5540C524-713E-4842-BD59-35D5EA6A60C6}.Debug-Linux|Mixed Platforms.Build.0 = Debug-Linux|Any CPU
		{5540C524-713E-4842-BD59-35D5EA6A60C6}.Debug-Linux|x86.ActiveCfg = Debug-Linux|x86
		{5540C524-713E-4842-BD59-35D5EA6A60C6}.Debug-Linux|x86.Build.0 = Debug-Linux|x86
		{5540C524-713E-4842-BD59-35D5EA6A60C6}.Debug-Windows|Any CPU.ActiveCfg = Debug-Windows|Any CPU
		{5540C524-713E-4842-BD59-35D5EA6A60C6}.Debug-Windows|Any CPU.Build.0 = Debug-Windows|Any CPU
		{5540C524-713E-4842-BD59-35D5EA6A60C6}.Debug-Windows|Mixed Platforms.ActiveCfg = Debug-Windows|Any CPU
		{5540C524-713E-4842-BD59-35D5EA6A60C6}.Debug-Windows|Mixed Platforms.Build.0 = Debug-Windows|Any CPU
		{5540C524-713E-4842-BD59-35D5EA6A60C6}.Debug-Windows|x86.ActiveCfg = Debug-Windows|x86
		{5540C524-713E-4842-BD59-35D5EA6A60C6}.Debug-Windows|x86.Build.0 = Debug-Windows|x86
		{5540C524-713E-4842-BD59-35D5EA6A60C6}.Release|Any CPU.ActiveCfg = Release-Windows|Any CPU
		{5540C524-713E-4842-BD59-35D5EA6A60C6}.Release|Any CPU.Build.0 = Release-Windows|Any CPU
		{5540C524-713E-4842-BD59-35D5EA6A60C6}.Release|Mixed Platforms.ActiveCfg = Release-Windows|x86
		{5540C524-713E-4842-BD59-35D5EA6A60C6}.Release|Mixed Platforms.Build.0 = Release-Windows|x86
		{5540C524-713E-4842-BD59-35D5EA6A60C6}.Release|x86.ActiveCfg = Release-Windows|x86
		{5540C524-713E-4842-BD59-35D5EA6A60C6}.Release|x86.Build.0 = Release-Windows|x86
		{5540C524-713E-4842-BD59-35D5EA6A60C6}.Release-Linux|Any CPU.ActiveCfg = Release-Windows|Any CPU
		{5540C524-713E-4842-BD59-35D5EA6A60C6}.Release-Linux|Any CPU.Build.0 = Release-Windows|Any CPU
		{5540C524-713E-4842-BD59-35D5EA6A60C6}.Release-Linux|Mixed Platforms.ActiveCfg = Release-Windows|Any CPU
		{5540C524-713E-4842-BD59-35D5EA6A60C6}.Release-Linux|Mixed Platforms.Build.0 = Release-Windows|Any CPU
		{5540C524-713E-4842-BD59-35D5EA6A60C6}.Release-Linux|x86.ActiveCfg = Release-Windows|x86
		{5540C524-713E-4842-BD59-35D5EA6A60C6}.Release-Linux|x86.Build.0 = Release-Windows|x86
		{5540C524-713E-4842-BD59-35D5EA6A60C6}.Release-Windows|Any CPU.ActiveCfg = Release-Windows|Any CPU
		{5540C524-713E-4842-BD59-35D5EA6A60C6}.Release-Windows|Any CPU.Build.0 = Release-Windows|Any CPU
		{5540C524-713E-4842-BD59-35D5EA6A60C6}.Release-Windows|Mixed Platforms.ActiveCfg = Release-Windows|Any CPU
		{5540C524-713E-4842-BD59-35D5EA6A60C6}.Release-Windows|Mixed Platforms.Build.0 = Release-Windows|Any CPU
		{5540C524-713E-4842-BD59-35D5EA6A60C6}.Release-Windows|x86.ActiveCfg = Release-Windows|x86
		{5540C524-713E-4842-BD59-35D5EA6A60C6}.Release-Windows|x86.Build.0 = Release-Windows|x86
		{B73CA343-F420-404F-A124-42AFF4BF38C6}.Debug|Any CPU.ActiveCfg = Debug|Any CPU
		{B73CA343-F420-404F-A124-42AFF4BF38C6}.Debug|Any CPU.Build.0 = Debug|Any CPU
		{B73CA343-F420-404F-A124-42AFF4BF38C6}.Debug|Mixed Platforms.ActiveCfg = Debug|x86
		{B73CA343-F420-404F-A124-42AFF4BF38C6}.Debug|Mixed Platforms.Build.0 = Debug|x86
		{B73CA343-F420-404F-A124-42AFF4BF38C6}.Debug|x86.ActiveCfg = Debug|x86
		{B73CA343-F420-404F-A124-42AFF4BF38C6}.Debug|x86.Build.0 = Debug|x86
		{B73CA343-F420-404F-A124-42AFF4BF38C6}.Debug-Linux|Any CPU.ActiveCfg = Debug-Windows|Any CPU
		{B73CA343-F420-404F-A124-42AFF4BF38C6}.Debug-Linux|Any CPU.Build.0 = Debug-Windows|Any CPU
		{B73CA343-F420-404F-A124-42AFF4BF38C6}.Debug-Linux|Mixed Platforms.ActiveCfg = Debug-Windows|Any CPU
		{B73CA343-F420-404F-A124-42AFF4BF38C6}.Debug-Linux|Mixed Platforms.Build.0 = Debug-Windows|Any CPU
		{B73CA343-F420-404F-A124-42AFF4BF38C6}.Debug-Linux|x86.ActiveCfg = Debug-Windows|x86
		{B73CA343-F420-404F-A124-42AFF4BF38C6}.Debug-Linux|x86.Build.0 = Debug-Windows|x86
		{B73CA343-F420-404F-A124-42AFF4BF38C6}.Debug-Windows|Any CPU.ActiveCfg = Debug-Windows|Any CPU
		{B73CA343-F420-404F-A124-42AFF4BF38C6}.Debug-Windows|Any CPU.Build.0 = Debug-Windows|Any CPU
		{B73CA343-F420-404F-A124-42AFF4BF38C6}.Debug-Windows|Mixed Platforms.ActiveCfg = Debug-Windows|Any CPU
		{B73CA343-F420-404F-A124-42AFF4BF38C6}.Debug-Windows|Mixed Platforms.Build.0 = Debug-Windows|Any CPU
		{B73CA343-F420-404F-A124-42AFF4BF38C6}.Debug-Windows|x86.ActiveCfg = Debug-Windows|x86
		{B73CA343-F420-404F-A124-42AFF4BF38C6}.Debug-Windows|x86.Build.0 = Debug-Windows|x86
		{B73CA343-F420-404F-A124-42AFF4BF38C6}.Release|Any CPU.ActiveCfg = Release-Windows|Any CPU
		{B73CA343-F420-404F-A124-42AFF4BF38C6}.Release|Any CPU.Build.0 = Release-Windows|Any CPU
		{B73CA343-F420-404F-A124-42AFF4BF38C6}.Release|Mixed Platforms.ActiveCfg = Release-Windows|x86
		{B73CA343-F420-404F-A124-42AFF4BF38C6}.Release|Mixed Platforms.Build.0 = Release-Windows|x86
		{B73CA343-F420-404F-A124-42AFF4BF38C6}.Release|x86.ActiveCfg = Release-Windows|x86
		{B73CA343-F420-404F-A124-42AFF4BF38C6}.Release|x86.Build.0 = Release-Windows|x86
		{B73CA343-F420-404F-A124-42AFF4BF38C6}.Release-Linux|Any CPU.ActiveCfg = Release-Windows|Any CPU
		{B73CA343-F420-404F-A124-42AFF4BF38C6}.Release-Linux|Any CPU.Build.0 = Release-Windows|Any CPU
		{B73CA343-F420-404F-A124-42AFF4BF38C6}.Release-Linux|Mixed Platforms.ActiveCfg = Release-Windows|Any CPU
		{B73CA343-F420-404F-A124-42AFF4BF38C6}.Release-Linux|Mixed Platforms.Build.0 = Release-Windows|Any CPU
		{B73CA343-F420-404F-A124-42AFF4BF38C6}.Release-Linux|x86.ActiveCfg = Release-Windows|x86
		{B73CA343-F420-404F-A124-42AFF4BF38C6}.Release-Windows|Any CPU.ActiveCfg = Release-Windows|Any CPU
		{B73CA343-F420-404F-A124-42AFF4BF38C6}.Release-Windows|Any CPU.Build.0 = Release-Windows|Any CPU
		{B73CA343-F420-404F-A124-42AFF4BF38C6}.Release-Windows|Mixed Platforms.ActiveCfg = Release-Windows|Any CPU
		{B73CA343-F420-404F-A124-42AFF4BF38C6}.Release-Windows|Mixed Platforms.Build.0 = Release-Windows|Any CPU
		{B73CA343-F420-404F-A124-42AFF4BF38C6}.Release-Windows|x86.ActiveCfg = Release-Windows|x86
		{50F62DE8-5F1F-46C2-9A03-582F4FF79897}.Debug|Any CPU.ActiveCfg = Debug|x86
		{50F62DE8-5F1F-46C2-9A03-582F4FF79897}.Debug|Mixed Platforms.ActiveCfg = Debug|x86
		{50F62DE8-5F1F-46C2-9A03-582F4FF79897}.Debug|Mixed Platforms.Build.0 = Debug|x86
		{50F62DE8-5F1F-46C2-9A03-582F4FF79897}.Debug|x86.ActiveCfg = Debug|x86
		{50F62DE8-5F1F-46C2-9A03-582F4FF79897}.Debug|x86.Build.0 = Debug|x86
		{50F62DE8-5F1F-46C2-9A03-582F4FF79897}.Debug-Linux|Any CPU.ActiveCfg = Debug|x86
		{50F62DE8-5F1F-46C2-9A03-582F4FF79897}.Debug-Linux|Mixed Platforms.ActiveCfg = Debug|x86
		{50F62DE8-5F1F-46C2-9A03-582F4FF79897}.Debug-Linux|Mixed Platforms.Build.0 = Debug|x86
		{50F62DE8-5F1F-46C2-9A03-582F4FF79897}.Debug-Linux|x86.ActiveCfg = Debug|x86
		{50F62DE8-5F1F-46C2-9A03-582F4FF79897}.Debug-Windows|Any CPU.ActiveCfg = Debug|x86
		{50F62DE8-5F1F-46C2-9A03-582F4FF79897}.Debug-Windows|Mixed Platforms.ActiveCfg = Debug|x86
		{50F62DE8-5F1F-46C2-9A03-582F4FF79897}.Debug-Windows|x86.ActiveCfg = Debug|x86
		{50F62DE8-5F1F-46C2-9A03-582F4FF79897}.Release|Any CPU.ActiveCfg = Release|x86
		{50F62DE8-5F1F-46C2-9A03-582F4FF79897}.Release|Mixed Platforms.ActiveCfg = Release|x86
		{50F62DE8-5F1F-46C2-9A03-582F4FF79897}.Release|Mixed Platforms.Build.0 = Release|x86
		{50F62DE8-5F1F-46C2-9A03-582F4FF79897}.Release|x86.ActiveCfg = Release|x86
		{50F62DE8-5F1F-46C2-9A03-582F4FF79897}.Release|x86.Build.0 = Release|x86
		{50F62DE8-5F1F-46C2-9A03-582F4FF79897}.Release-Linux|Any CPU.ActiveCfg = Release|x86
		{50F62DE8-5F1F-46C2-9A03-582F4FF79897}.Release-Linux|Mixed Platforms.ActiveCfg = Release|x86
		{50F62DE8-5F1F-46C2-9A03-582F4FF79897}.Release-Linux|Mixed Platforms.Build.0 = Release|x86
		{50F62DE8-5F1F-46C2-9A03-582F4FF79897}.Release-Linux|x86.ActiveCfg = Release|x86
		{50F62DE8-5F1F-46C2-9A03-582F4FF79897}.Release-Linux|x86.Build.0 = Release|x86
		{50F62DE8-5F1F-46C2-9A03-582F4FF79897}.Release-Windows|Any CPU.ActiveCfg = Release|x86
		{50F62DE8-5F1F-46C2-9A03-582F4FF79897}.Release-Windows|Mixed Platforms.ActiveCfg = Release|x86
		{50F62DE8-5F1F-46C2-9A03-582F4FF79897}.Release-Windows|Mixed Platforms.Build.0 = Release|x86
		{50F62DE8-5F1F-46C2-9A03-582F4FF79897}.Release-Windows|x86.ActiveCfg = Release|x86
		{50F62DE8-5F1F-46C2-9A03-582F4FF79897}.Release-Windows|x86.Build.0 = Release|x86
		{D5F1E780-2C05-4BF1-A9C6-1FBD060E48FE}.Debug|Any CPU.ActiveCfg = Debug|Any CPU
		{D5F1E780-2C05-4BF1-A9C6-1FBD060E48FE}.Debug|Any CPU.Build.0 = Debug|Any CPU
		{D5F1E780-2C05-4BF1-A9C6-1FBD060E48FE}.Debug|Mixed Platforms.ActiveCfg = Debug|Any CPU
		{D5F1E780-2C05-4BF1-A9C6-1FBD060E48FE}.Debug|Mixed Platforms.Build.0 = Debug|Any CPU
		{D5F1E780-2C05-4BF1-A9C6-1FBD060E48FE}.Debug|x86.ActiveCfg = Debug|Any CPU
		{D5F1E780-2C05-4BF1-A9C6-1FBD060E48FE}.Debug|x86.Build.0 = Debug|Any CPU
		{D5F1E780-2C05-4BF1-A9C6-1FBD060E48FE}.Debug-Linux|Any CPU.ActiveCfg = Debug|Any CPU
		{D5F1E780-2C05-4BF1-A9C6-1FBD060E48FE}.Debug-Linux|Any CPU.Build.0 = Debug|Any CPU
		{D5F1E780-2C05-4BF1-A9C6-1FBD060E48FE}.Debug-Linux|Mixed Platforms.ActiveCfg = Debug|Any CPU
		{D5F1E780-2C05-4BF1-A9C6-1FBD060E48FE}.Debug-Linux|Mixed Platforms.Build.0 = Debug|Any CPU
		{D5F1E780-2C05-4BF1-A9C6-1FBD060E48FE}.Debug-Linux|x86.ActiveCfg = Debug|Any CPU
		{D5F1E780-2C05-4BF1-A9C6-1FBD060E48FE}.Debug-Linux|x86.Build.0 = Debug|Any CPU
		{D5F1E780-2C05-4BF1-A9C6-1FBD060E48FE}.Debug-Windows|Any CPU.ActiveCfg = Debug|Any CPU
		{D5F1E780-2C05-4BF1-A9C6-1FBD060E48FE}.Debug-Windows|Any CPU.Build.0 = Debug|Any CPU
		{D5F1E780-2C05-4BF1-A9C6-1FBD060E48FE}.Debug-Windows|Mixed Platforms.ActiveCfg = Debug|Any CPU
		{D5F1E780-2C05-4BF1-A9C6-1FBD060E48FE}.Debug-Windows|Mixed Platforms.Build.0 = Debug|Any CPU
		{D5F1E780-2C05-4BF1-A9C6-1FBD060E48FE}.Debug-Windows|x86.ActiveCfg = Debug|Any CPU
		{D5F1E780-2C05-4BF1-A9C6-1FBD060E48FE}.Debug-Windows|x86.Build.0 = Debug|Any CPU
		{D5F1E780-2C05-4BF1-A9C6-1FBD060E48FE}.Release|Any CPU.ActiveCfg = Release|Any CPU
		{D5F1E780-2C05-4BF1-A9C6-1FBD060E48FE}.Release|Any CPU.Build.0 = Release|Any CPU
		{D5F1E780-2C05-4BF1-A9C6-1FBD060E48FE}.Release|Mixed Platforms.ActiveCfg = Release|Any CPU
		{D5F1E780-2C05-4BF1-A9C6-1FBD060E48FE}.Release|Mixed Platforms.Build.0 = Release|Any CPU
		{D5F1E780-2C05-4BF1-A9C6-1FBD060E48FE}.Release|x86.ActiveCfg = Release|Any CPU
		{D5F1E780-2C05-4BF1-A9C6-1FBD060E48FE}.Release|x86.Build.0 = Release|Any CPU
		{D5F1E780-2C05-4BF1-A9C6-1FBD060E48FE}.Release-Linux|Any CPU.ActiveCfg = Release|Any CPU
		{D5F1E780-2C05-4BF1-A9C6-1FBD060E48FE}.Release-Linux|Any CPU.Build.0 = Release|Any CPU
		{D5F1E780-2C05-4BF1-A9C6-1FBD060E48FE}.Release-Linux|Mixed Platforms.ActiveCfg = Release|Any CPU
		{D5F1E780-2C05-4BF1-A9C6-1FBD060E48FE}.Release-Linux|Mixed Platforms.Build.0 = Release|Any CPU
		{D5F1E780-2C05-4BF1-A9C6-1FBD060E48FE}.Release-Linux|x86.ActiveCfg = Release|Any CPU
		{D5F1E780-2C05-4BF1-A9C6-1FBD060E48FE}.Release-Linux|x86.Build.0 = Release|Any CPU
		{D5F1E780-2C05-4BF1-A9C6-1FBD060E48FE}.Release-Windows|Any CPU.ActiveCfg = Release|Any CPU
		{D5F1E780-2C05-4BF1-A9C6-1FBD060E48FE}.Release-Windows|Any CPU.Build.0 = Release|Any CPU
		{D5F1E780-2C05-4BF1-A9C6-1FBD060E48FE}.Release-Windows|Mixed Platforms.ActiveCfg = Release|Any CPU
		{D5F1E780-2C05-4BF1-A9C6-1FBD060E48FE}.Release-Windows|Mixed Platforms.Build.0 = Release|Any CPU
		{D5F1E780-2C05-4BF1-A9C6-1FBD060E48FE}.Release-Windows|x86.ActiveCfg = Release|Any CPU
		{D5F1E780-2C05-4BF1-A9C6-1FBD060E48FE}.Release-Windows|x86.Build.0 = Release|Any CPU
	EndGlobalSection
	GlobalSection(SolutionProperties) = preSolution
		HideSolutionNode = FALSE
	EndGlobalSection
EndGlobal
