
Microsoft Visual Studio Solution File, Format Version 10.00
# Visual C# Express 2008
Project("{FAE04EC0-301F-11D3-BF4B-00C04F79EFBC}") = "PCIEditor", "src\PCIEditor\PCIEditor.csproj", "{2DF12F00-34A3-48F1-AA94-0164368B45DA}"
EndProject
Project("{FAE04EC0-301F-11D3-BF4B-00C04F79EFBC}") = "SpeechToolsUtils", "src\SpeechToolsUtils\SpeechToolsUtils.csproj", "{45F4F307-5C89-46E1-B92B-0A2E3489FF6F}"
EndProject
Project("{FAE04EC0-301F-11D3-BF4B-00C04F79EFBC}") = "DisablePASplashScreen", "src\DisablePASplashScreen\DisablePASplashScreen.csproj", "{B101E338-1CA4-4398-96DE-55DFF283EE70}"
EndProject
Project("{FAE04EC0-301F-11D3-BF4B-00C04F79EFBC}") = "SilUtils", "src\SilUtils\SilUtils.csproj", "{87F94FCC-BC32-4203-A919-115F4FF43FF0}"
EndProject
Project("{FAE04EC0-301F-11D3-BF4B-00C04F79EFBC}") = "TestUtils", "src\TestUtils\TestUtils.csproj", "{ADB1EF2D-B54E-430E-864F-8ECC6F9674E8}"
EndProject
Project("{FAE04EC0-301F-11D3-BF4B-00C04F79EFBC}") = "Pa", "src\Pa\Pa.csproj", "{C4347409-EFA4-47A0-AEF9-B6BB2378B1E5}"
EndProject
Project("{FAE04EC0-301F-11D3-BF4B-00C04F79EFBC}") = "SilUtilsTests", "src\SilUtils\SilUtilsTests\SilUtilsTests.csproj", "{78AB2DD4-7799-4E70-B7A8-5229982AAB43}"
EndProject
Project("{FAE04EC0-301F-11D3-BF4B-00C04F79EFBC}") = "PaTests", "src\PaTests\PaTests.csproj", "{B73CA343-F420-404F-A124-42AFF4BF38C6}"
EndProject
Global
	GlobalSection(SolutionConfigurationPlatforms) = preSolution
		Debug|Any CPU = Debug|Any CPU
		Release|Any CPU = Release|Any CPU
	EndGlobalSection
	GlobalSection(ProjectConfigurationPlatforms) = postSolution
		{2DF12F00-34A3-48F1-AA94-0164368B45DA}.Debug|Any CPU.ActiveCfg = Debug|Any CPU
		{2DF12F00-34A3-48F1-AA94-0164368B45DA}.Debug|Any CPU.Build.0 = Debug|Any CPU
		{2DF12F00-34A3-48F1-AA94-0164368B45DA}.Release|Any CPU.ActiveCfg = Release|Any CPU
		{2DF12F00-34A3-48F1-AA94-0164368B45DA}.Release|Any CPU.Build.0 = Release|Any CPU
		{45F4F307-5C89-46E1-B92B-0A2E3489FF6F}.Debug|Any CPU.ActiveCfg = Debug|Any CPU
		{45F4F307-5C89-46E1-B92B-0A2E3489FF6F}.Debug|Any CPU.Build.0 = Debug|Any CPU
		{45F4F307-5C89-46E1-B92B-0A2E3489FF6F}.Release|Any CPU.ActiveCfg = Release|Any CPU
		{45F4F307-5C89-46E1-B92B-0A2E3489FF6F}.Release|Any CPU.Build.0 = Release|Any CPU
		{B101E338-1CA4-4398-96DE-55DFF283EE70}.Debug|Any CPU.ActiveCfg = Debug|Any CPU
		{B101E338-1CA4-4398-96DE-55DFF283EE70}.Debug|Any CPU.Build.0 = Debug|Any CPU
		{B101E338-1CA4-4398-96DE-55DFF283EE70}.Release|Any CPU.ActiveCfg = Release|Any CPU
		{B101E338-1CA4-4398-96DE-55DFF283EE70}.Release|Any CPU.Build.0 = Release|Any CPU
		{87F94FCC-BC32-4203-A919-115F4FF43FF0}.Debug|Any CPU.ActiveCfg = Debug|Any CPU
		{87F94FCC-BC32-4203-A919-115F4FF43FF0}.Debug|Any CPU.Build.0 = Debug|Any CPU
		{87F94FCC-BC32-4203-A919-115F4FF43FF0}.Release|Any CPU.ActiveCfg = Release|Any CPU
		{87F94FCC-BC32-4203-A919-115F4FF43FF0}.Release|Any CPU.Build.0 = Release|Any CPU
		{ADB1EF2D-B54E-430E-864F-8ECC6F9674E8}.Debug|Any CPU.ActiveCfg = Debug|Any CPU
		{ADB1EF2D-B54E-430E-864F-8ECC6F9674E8}.Debug|Any CPU.Build.0 = Debug|Any CPU
		{ADB1EF2D-B54E-430E-864F-8ECC6F9674E8}.Release|Any CPU.ActiveCfg = Release|Any CPU
		{ADB1EF2D-B54E-430E-864F-8ECC6F9674E8}.Release|Any CPU.Build.0 = Release|Any CPU
		{C4347409-EFA4-47A0-AEF9-B6BB2378B1E5}.Debug|Any CPU.ActiveCfg = Debug|Any CPU
		{C4347409-EFA4-47A0-AEF9-B6BB2378B1E5}.Debug|Any CPU.Build.0 = Debug|Any CPU
		{C4347409-EFA4-47A0-AEF9-B6BB2378B1E5}.Release|Any CPU.ActiveCfg = Release|Any CPU
		{C4347409-EFA4-47A0-AEF9-B6BB2378B1E5}.Release|Any CPU.Build.0 = Release|Any CPU
		{78AB2DD4-7799-4E70-B7A8-5229982AAB43}.Debug|Any CPU.ActiveCfg = Debug|Any CPU
		{78AB2DD4-7799-4E70-B7A8-5229982AAB43}.Debug|Any CPU.Build.0 = Debug|Any CPU
		{78AB2DD4-7799-4E70-B7A8-5229982AAB43}.Release|Any CPU.ActiveCfg = Release|Any CPU
		{78AB2DD4-7799-4E70-B7A8-5229982AAB43}.Release|Any CPU.Build.0 = Release|Any CPU
		{B73CA343-F420-404F-A124-42AFF4BF38C6}.Debug|Any CPU.ActiveCfg = Debug|Any CPU
		{B73CA343-F420-404F-A124-42AFF4BF38C6}.Debug|Any CPU.Build.0 = Debug|Any CPU
		{B73CA343-F420-404F-A124-42AFF4BF38C6}.Release|Any CPU.ActiveCfg = Release|Any CPU
		{B73CA343-F420-404F-A124-42AFF4BF38C6}.Release|Any CPU.Build.0 = Release|Any CPU
	EndGlobalSection
	GlobalSection(SolutionProperties) = preSolution
		HideSolutionNode = FALSE
	EndGlobalSection
EndGlobal
