
Microsoft Visual Studio Solution File, Format Version 11.00
# Visual Studio 2010
Project("{FAE04EC0-301F-11D3-BF4B-00C04F79EFBC}") = "PCIEditor", "src\PCIEditor\PCIEditor.csproj", "{2DF12F00-34A3-48F1-AA94-0164368B45DA}"
EndProject
Project("{FAE04EC0-301F-11D3-BF4B-00C04F79EFBC}") = "DisablePASplashScreen", "src\DisablePASplashScreen\DisablePASplashScreen.csproj", "{B101E338-1CA4-4398-96DE-55DFF283EE70}"
	ProjectSection(ProjectDependencies) = postProject
		{87F94FCC-BC32-4203-A919-115F4FF43FF0} = {87F94FCC-BC32-4203-A919-115F4FF43FF0}
	EndProjectSection
EndProject
Project("{FAE04EC0-301F-11D3-BF4B-00C04F79EFBC}") = "Pa", "src\Pa\Pa.csproj", "{C4347409-EFA4-47A0-AEF9-B6BB2378B1E5}"
	ProjectSection(ProjectDependencies) = postProject
		{87F94FCC-BC32-4203-A919-115F4FF43FF0} = {87F94FCC-BC32-4203-A919-115F4FF43FF0}
	EndProjectSection
EndProject
Project("{FAE04EC0-301F-11D3-BF4B-00C04F79EFBC}") = "PaTests", "src\PaTests\PaTests.csproj", "{B73CA343-F420-404F-A124-42AFF4BF38C6}"
EndProject
Project("{930C7802-8A8C-48F9-8165-68863BCCD9DD}") = "Installer", "Installer\Installer.wixproj", "{B7E79978-C573-4F3F-9ECD-F38F65F515DB}"
	ProjectSection(ProjectDependencies) = postProject
		{2DF12F00-34A3-48F1-AA94-0164368B45DA} = {2DF12F00-34A3-48F1-AA94-0164368B45DA}
		{C4347409-EFA4-47A0-AEF9-B6BB2378B1E5} = {C4347409-EFA4-47A0-AEF9-B6BB2378B1E5}
		{B101E338-1CA4-4398-96DE-55DFF283EE70} = {B101E338-1CA4-4398-96DE-55DFF283EE70}
		{87F94FCC-BC32-4203-A919-115F4FF43FF0} = {87F94FCC-BC32-4203-A919-115F4FF43FF0}
	EndProjectSection
EndProject
Project("{FAE04EC0-301F-11D3-BF4B-00C04F79EFBC}") = "SilTools", "src\SilTools\SilTools.csproj", "{87F94FCC-BC32-4203-A919-115F4FF43FF0}"
EndProject
Project("{FAE04EC0-301F-11D3-BF4B-00C04F79EFBC}") = "PaToFdoInterfaces", "src\PaToFdoInterfaces\PaToFdoInterfaces.csproj", "{5540C524-713E-4842-BD59-35D5EA6A60C6}"
EndProject
Project("{FAE04EC0-301F-11D3-BF4B-00C04F79EFBC}") = "PaToFdoBrowser", "src\PaToFdoBrowser\PaToFdoBrowser.csproj", "{81395D30-0AA4-4327-A24F-CE157BAE6FF5}"
EndProject
Project("{FAE04EC0-301F-11D3-BF4B-00C04F79EFBC}") = "Palaso", "..\Palaso\Palaso\Palaso.csproj", "{3527DA1D-1E25-48BE-A71E-9EBF7F9208D4}"
EndProject
Global
	GlobalSection(SolutionConfigurationPlatforms) = preSolution
		Debug|Any CPU = Debug|Any CPU
		Debug|Mixed Platforms = Debug|Mixed Platforms
		Debug|x86 = Debug|x86
		DebugMono|Any CPU = DebugMono|Any CPU
		DebugMono|Mixed Platforms = DebugMono|Mixed Platforms
		DebugMono|x86 = DebugMono|x86
		Release|Any CPU = Release|Any CPU
		Release|Mixed Platforms = Release|Mixed Platforms
		Release|x86 = Release|x86
		ReleaseMono|Any CPU = ReleaseMono|Any CPU
		ReleaseMono|Mixed Platforms = ReleaseMono|Mixed Platforms
		ReleaseMono|x86 = ReleaseMono|x86
	EndGlobalSection
	GlobalSection(ProjectConfigurationPlatforms) = postSolution
		{2DF12F00-34A3-48F1-AA94-0164368B45DA}.Debug|Any CPU.ActiveCfg = Debug|Any CPU
		{2DF12F00-34A3-48F1-AA94-0164368B45DA}.Debug|Any CPU.Build.0 = Debug|Any CPU
		{2DF12F00-34A3-48F1-AA94-0164368B45DA}.Debug|Mixed Platforms.ActiveCfg = Debug|Any CPU
		{2DF12F00-34A3-48F1-AA94-0164368B45DA}.Debug|Mixed Platforms.Build.0 = Debug|Any CPU
		{2DF12F00-34A3-48F1-AA94-0164368B45DA}.Debug|x86.ActiveCfg = Debug|Any CPU
		{2DF12F00-34A3-48F1-AA94-0164368B45DA}.DebugMono|Any CPU.ActiveCfg = Debug|Any CPU
		{2DF12F00-34A3-48F1-AA94-0164368B45DA}.DebugMono|Mixed Platforms.ActiveCfg = Debug|Any CPU
		{2DF12F00-34A3-48F1-AA94-0164368B45DA}.DebugMono|x86.ActiveCfg = Debug|Any CPU
		{2DF12F00-34A3-48F1-AA94-0164368B45DA}.Release|Any CPU.ActiveCfg = Release|Any CPU
		{2DF12F00-34A3-48F1-AA94-0164368B45DA}.Release|Any CPU.Build.0 = Release|Any CPU
		{2DF12F00-34A3-48F1-AA94-0164368B45DA}.Release|Mixed Platforms.ActiveCfg = Release|Any CPU
		{2DF12F00-34A3-48F1-AA94-0164368B45DA}.Release|Mixed Platforms.Build.0 = Release|Any CPU
		{2DF12F00-34A3-48F1-AA94-0164368B45DA}.Release|x86.ActiveCfg = Release|Any CPU
		{2DF12F00-34A3-48F1-AA94-0164368B45DA}.ReleaseMono|Any CPU.ActiveCfg = Release|Any CPU
		{2DF12F00-34A3-48F1-AA94-0164368B45DA}.ReleaseMono|Mixed Platforms.ActiveCfg = Release|Any CPU
		{2DF12F00-34A3-48F1-AA94-0164368B45DA}.ReleaseMono|x86.ActiveCfg = Release|Any CPU
		{B101E338-1CA4-4398-96DE-55DFF283EE70}.Debug|Any CPU.ActiveCfg = Debug|Any CPU
		{B101E338-1CA4-4398-96DE-55DFF283EE70}.Debug|Any CPU.Build.0 = Debug|Any CPU
		{B101E338-1CA4-4398-96DE-55DFF283EE70}.Debug|Mixed Platforms.ActiveCfg = Debug|Any CPU
		{B101E338-1CA4-4398-96DE-55DFF283EE70}.Debug|Mixed Platforms.Build.0 = Debug|Any CPU
		{B101E338-1CA4-4398-96DE-55DFF283EE70}.Debug|x86.ActiveCfg = Debug|Any CPU
		{B101E338-1CA4-4398-96DE-55DFF283EE70}.DebugMono|Any CPU.ActiveCfg = Debug|Any CPU
		{B101E338-1CA4-4398-96DE-55DFF283EE70}.DebugMono|Any CPU.Build.0 = Debug|Any CPU
		{B101E338-1CA4-4398-96DE-55DFF283EE70}.DebugMono|Mixed Platforms.ActiveCfg = Debug|Any CPU
		{B101E338-1CA4-4398-96DE-55DFF283EE70}.DebugMono|Mixed Platforms.Build.0 = Debug|Any CPU
		{B101E338-1CA4-4398-96DE-55DFF283EE70}.DebugMono|x86.ActiveCfg = Debug|Any CPU
		{B101E338-1CA4-4398-96DE-55DFF283EE70}.Release|Any CPU.ActiveCfg = Release|Any CPU
		{B101E338-1CA4-4398-96DE-55DFF283EE70}.Release|Any CPU.Build.0 = Release|Any CPU
		{B101E338-1CA4-4398-96DE-55DFF283EE70}.Release|Mixed Platforms.ActiveCfg = Release|Any CPU
		{B101E338-1CA4-4398-96DE-55DFF283EE70}.Release|Mixed Platforms.Build.0 = Release|Any CPU
		{B101E338-1CA4-4398-96DE-55DFF283EE70}.Release|x86.ActiveCfg = Release|Any CPU
		{B101E338-1CA4-4398-96DE-55DFF283EE70}.ReleaseMono|Any CPU.ActiveCfg = Release|Any CPU
		{B101E338-1CA4-4398-96DE-55DFF283EE70}.ReleaseMono|Any CPU.Build.0 = Release|Any CPU
		{B101E338-1CA4-4398-96DE-55DFF283EE70}.ReleaseMono|Mixed Platforms.ActiveCfg = Release|Any CPU
		{B101E338-1CA4-4398-96DE-55DFF283EE70}.ReleaseMono|Mixed Platforms.Build.0 = Release|Any CPU
		{B101E338-1CA4-4398-96DE-55DFF283EE70}.ReleaseMono|x86.ActiveCfg = Release|Any CPU
		{C4347409-EFA4-47A0-AEF9-B6BB2378B1E5}.Debug|Any CPU.ActiveCfg = Debug|Any CPU
		{C4347409-EFA4-47A0-AEF9-B6BB2378B1E5}.Debug|Any CPU.Build.0 = Debug|Any CPU
		{C4347409-EFA4-47A0-AEF9-B6BB2378B1E5}.Debug|Mixed Platforms.ActiveCfg = Debug|Any CPU
		{C4347409-EFA4-47A0-AEF9-B6BB2378B1E5}.Debug|Mixed Platforms.Build.0 = Debug|Any CPU
		{C4347409-EFA4-47A0-AEF9-B6BB2378B1E5}.Debug|x86.ActiveCfg = Debug|Any CPU
		{C4347409-EFA4-47A0-AEF9-B6BB2378B1E5}.DebugMono|Any CPU.ActiveCfg = Debug|Any CPU
		{C4347409-EFA4-47A0-AEF9-B6BB2378B1E5}.DebugMono|Any CPU.Build.0 = Debug|Any CPU
		{C4347409-EFA4-47A0-AEF9-B6BB2378B1E5}.DebugMono|Mixed Platforms.ActiveCfg = Debug|Any CPU
		{C4347409-EFA4-47A0-AEF9-B6BB2378B1E5}.DebugMono|Mixed Platforms.Build.0 = Debug|Any CPU
		{C4347409-EFA4-47A0-AEF9-B6BB2378B1E5}.DebugMono|x86.ActiveCfg = Debug|Any CPU
		{C4347409-EFA4-47A0-AEF9-B6BB2378B1E5}.Release|Any CPU.ActiveCfg = Release|Any CPU
		{C4347409-EFA4-47A0-AEF9-B6BB2378B1E5}.Release|Any CPU.Build.0 = Release|Any CPU
		{C4347409-EFA4-47A0-AEF9-B6BB2378B1E5}.Release|Mixed Platforms.ActiveCfg = Release|Any CPU
		{C4347409-EFA4-47A0-AEF9-B6BB2378B1E5}.Release|Mixed Platforms.Build.0 = Release|Any CPU
		{C4347409-EFA4-47A0-AEF9-B6BB2378B1E5}.Release|x86.ActiveCfg = Release|Any CPU
		{C4347409-EFA4-47A0-AEF9-B6BB2378B1E5}.ReleaseMono|Any CPU.ActiveCfg = Release|Any CPU
		{C4347409-EFA4-47A0-AEF9-B6BB2378B1E5}.ReleaseMono|Any CPU.Build.0 = Release|Any CPU
		{C4347409-EFA4-47A0-AEF9-B6BB2378B1E5}.ReleaseMono|Mixed Platforms.ActiveCfg = Release|Any CPU
		{C4347409-EFA4-47A0-AEF9-B6BB2378B1E5}.ReleaseMono|Mixed Platforms.Build.0 = Release|Any CPU
		{C4347409-EFA4-47A0-AEF9-B6BB2378B1E5}.ReleaseMono|x86.ActiveCfg = Release|Any CPU
		{B73CA343-F420-404F-A124-42AFF4BF38C6}.Debug|Any CPU.ActiveCfg = Debug|Any CPU
		{B73CA343-F420-404F-A124-42AFF4BF38C6}.Debug|Any CPU.Build.0 = Debug|Any CPU
		{B73CA343-F420-404F-A124-42AFF4BF38C6}.Debug|Mixed Platforms.ActiveCfg = Debug|Any CPU
		{B73CA343-F420-404F-A124-42AFF4BF38C6}.Debug|Mixed Platforms.Build.0 = Debug|Any CPU
		{B73CA343-F420-404F-A124-42AFF4BF38C6}.Debug|x86.ActiveCfg = Debug|Any CPU
		{B73CA343-F420-404F-A124-42AFF4BF38C6}.DebugMono|Any CPU.ActiveCfg = Debug|Any CPU
		{B73CA343-F420-404F-A124-42AFF4BF38C6}.DebugMono|Mixed Platforms.ActiveCfg = Debug|Any CPU
		{B73CA343-F420-404F-A124-42AFF4BF38C6}.DebugMono|x86.ActiveCfg = Debug|Any CPU
		{B73CA343-F420-404F-A124-42AFF4BF38C6}.Release|Any CPU.ActiveCfg = Release|Any CPU
		{B73CA343-F420-404F-A124-42AFF4BF38C6}.Release|Any CPU.Build.0 = Release|Any CPU
		{B73CA343-F420-404F-A124-42AFF4BF38C6}.Release|Mixed Platforms.ActiveCfg = Release|Any CPU
		{B73CA343-F420-404F-A124-42AFF4BF38C6}.Release|x86.ActiveCfg = Release|Any CPU
		{B73CA343-F420-404F-A124-42AFF4BF38C6}.ReleaseMono|Any CPU.ActiveCfg = Release|Any CPU
		{B73CA343-F420-404F-A124-42AFF4BF38C6}.ReleaseMono|Mixed Platforms.ActiveCfg = Release|Any CPU
		{B73CA343-F420-404F-A124-42AFF4BF38C6}.ReleaseMono|x86.ActiveCfg = Release|Any CPU
		{B7E79978-C573-4F3F-9ECD-F38F65F515DB}.Debug|Any CPU.ActiveCfg = Debug|x86
		{B7E79978-C573-4F3F-9ECD-F38F65F515DB}.Debug|Mixed Platforms.ActiveCfg = Debug|x86
		{B7E79978-C573-4F3F-9ECD-F38F65F515DB}.Debug|x86.ActiveCfg = Debug|x86
		{B7E79978-C573-4F3F-9ECD-F38F65F515DB}.Debug|x86.Build.0 = Debug|x86
		{B7E79978-C573-4F3F-9ECD-F38F65F515DB}.DebugMono|Any CPU.ActiveCfg = Debug|x86
		{B7E79978-C573-4F3F-9ECD-F38F65F515DB}.DebugMono|Mixed Platforms.ActiveCfg = Debug|x86
		{B7E79978-C573-4F3F-9ECD-F38F65F515DB}.DebugMono|Mixed Platforms.Build.0 = Debug|x86
		{B7E79978-C573-4F3F-9ECD-F38F65F515DB}.DebugMono|x86.ActiveCfg = Debug|x86
		{B7E79978-C573-4F3F-9ECD-F38F65F515DB}.DebugMono|x86.Build.0 = Debug|x86
		{B7E79978-C573-4F3F-9ECD-F38F65F515DB}.Release|Any CPU.ActiveCfg = Release|x86
		{B7E79978-C573-4F3F-9ECD-F38F65F515DB}.Release|Mixed Platforms.ActiveCfg = Release|x86
		{B7E79978-C573-4F3F-9ECD-F38F65F515DB}.Release|Mixed Platforms.Build.0 = Release|x86
		{B7E79978-C573-4F3F-9ECD-F38F65F515DB}.Release|x86.ActiveCfg = Release|x86
		{B7E79978-C573-4F3F-9ECD-F38F65F515DB}.Release|x86.Build.0 = Release|x86
		{B7E79978-C573-4F3F-9ECD-F38F65F515DB}.ReleaseMono|Any CPU.ActiveCfg = Release|x86
		{B7E79978-C573-4F3F-9ECD-F38F65F515DB}.ReleaseMono|Mixed Platforms.ActiveCfg = Release|x86
		{B7E79978-C573-4F3F-9ECD-F38F65F515DB}.ReleaseMono|Mixed Platforms.Build.0 = Release|x86
		{B7E79978-C573-4F3F-9ECD-F38F65F515DB}.ReleaseMono|x86.ActiveCfg = Release|x86
		{B7E79978-C573-4F3F-9ECD-F38F65F515DB}.ReleaseMono|x86.Build.0 = Release|x86
		{87F94FCC-BC32-4203-A919-115F4FF43FF0}.Debug|Any CPU.ActiveCfg = Debug|Any CPU
		{87F94FCC-BC32-4203-A919-115F4FF43FF0}.Debug|Any CPU.Build.0 = Debug|Any CPU
		{87F94FCC-BC32-4203-A919-115F4FF43FF0}.Debug|Mixed Platforms.ActiveCfg = Debug|Any CPU
		{87F94FCC-BC32-4203-A919-115F4FF43FF0}.Debug|Mixed Platforms.Build.0 = Debug|Any CPU
		{87F94FCC-BC32-4203-A919-115F4FF43FF0}.Debug|x86.ActiveCfg = Debug|Any CPU
		{87F94FCC-BC32-4203-A919-115F4FF43FF0}.DebugMono|Any CPU.ActiveCfg = Debug|Any CPU
		{87F94FCC-BC32-4203-A919-115F4FF43FF0}.DebugMono|Any CPU.Build.0 = Debug|Any CPU
		{87F94FCC-BC32-4203-A919-115F4FF43FF0}.DebugMono|Mixed Platforms.ActiveCfg = Debug|Any CPU
		{87F94FCC-BC32-4203-A919-115F4FF43FF0}.DebugMono|Mixed Platforms.Build.0 = Debug|Any CPU
		{87F94FCC-BC32-4203-A919-115F4FF43FF0}.DebugMono|x86.ActiveCfg = Debug|Any CPU
		{87F94FCC-BC32-4203-A919-115F4FF43FF0}.Release|Any CPU.ActiveCfg = Release|Any CPU
		{87F94FCC-BC32-4203-A919-115F4FF43FF0}.Release|Any CPU.Build.0 = Release|Any CPU
		{87F94FCC-BC32-4203-A919-115F4FF43FF0}.Release|Mixed Platforms.ActiveCfg = Release|Any CPU
		{87F94FCC-BC32-4203-A919-115F4FF43FF0}.Release|Mixed Platforms.Build.0 = Release|Any CPU
		{87F94FCC-BC32-4203-A919-115F4FF43FF0}.Release|x86.ActiveCfg = Release|Any CPU
		{87F94FCC-BC32-4203-A919-115F4FF43FF0}.ReleaseMono|Any CPU.ActiveCfg = Release|Any CPU
		{87F94FCC-BC32-4203-A919-115F4FF43FF0}.ReleaseMono|Any CPU.Build.0 = Release|Any CPU
		{87F94FCC-BC32-4203-A919-115F4FF43FF0}.ReleaseMono|Mixed Platforms.ActiveCfg = Release|Any CPU
		{87F94FCC-BC32-4203-A919-115F4FF43FF0}.ReleaseMono|Mixed Platforms.Build.0 = Release|Any CPU
		{87F94FCC-BC32-4203-A919-115F4FF43FF0}.ReleaseMono|x86.ActiveCfg = Release|Any CPU
		{5540C524-713E-4842-BD59-35D5EA6A60C6}.Debug|Any CPU.ActiveCfg = Debug|Any CPU
		{5540C524-713E-4842-BD59-35D5EA6A60C6}.Debug|Any CPU.Build.0 = Debug|Any CPU
		{5540C524-713E-4842-BD59-35D5EA6A60C6}.Debug|Mixed Platforms.ActiveCfg = Debug|Any CPU
		{5540C524-713E-4842-BD59-35D5EA6A60C6}.Debug|Mixed Platforms.Build.0 = Debug|Any CPU
		{5540C524-713E-4842-BD59-35D5EA6A60C6}.Debug|x86.ActiveCfg = Debug|Any CPU
		{5540C524-713E-4842-BD59-35D5EA6A60C6}.DebugMono|Any CPU.ActiveCfg = Debug|Any CPU
		{5540C524-713E-4842-BD59-35D5EA6A60C6}.DebugMono|Mixed Platforms.ActiveCfg = Debug|Any CPU
		{5540C524-713E-4842-BD59-35D5EA6A60C6}.DebugMono|x86.ActiveCfg = Debug|Any CPU
		{5540C524-713E-4842-BD59-35D5EA6A60C6}.Release|Any CPU.ActiveCfg = Release|Any CPU
		{5540C524-713E-4842-BD59-35D5EA6A60C6}.Release|Any CPU.Build.0 = Release|Any CPU
		{5540C524-713E-4842-BD59-35D5EA6A60C6}.Release|Mixed Platforms.ActiveCfg = Release|Any CPU
		{5540C524-713E-4842-BD59-35D5EA6A60C6}.Release|Mixed Platforms.Build.0 = Release|Any CPU
		{5540C524-713E-4842-BD59-35D5EA6A60C6}.Release|x86.ActiveCfg = Release|Any CPU
		{5540C524-713E-4842-BD59-35D5EA6A60C6}.ReleaseMono|Any CPU.ActiveCfg = Release|Any CPU
		{5540C524-713E-4842-BD59-35D5EA6A60C6}.ReleaseMono|Mixed Platforms.ActiveCfg = Release|Any CPU
		{5540C524-713E-4842-BD59-35D5EA6A60C6}.ReleaseMono|x86.ActiveCfg = Release|Any CPU
		{81395D30-0AA4-4327-A24F-CE157BAE6FF5}.Debug|Any CPU.ActiveCfg = Debug|Any CPU
		{81395D30-0AA4-4327-A24F-CE157BAE6FF5}.Debug|Any CPU.Build.0 = Debug|Any CPU
		{81395D30-0AA4-4327-A24F-CE157BAE6FF5}.Debug|Mixed Platforms.ActiveCfg = Debug|Any CPU
		{81395D30-0AA4-4327-A24F-CE157BAE6FF5}.Debug|Mixed Platforms.Build.0 = Debug|Any CPU
		{81395D30-0AA4-4327-A24F-CE157BAE6FF5}.Debug|x86.ActiveCfg = Debug|Any CPU
		{81395D30-0AA4-4327-A24F-CE157BAE6FF5}.DebugMono|Any CPU.ActiveCfg = Debug|Any CPU
		{81395D30-0AA4-4327-A24F-CE157BAE6FF5}.DebugMono|Mixed Platforms.ActiveCfg = Debug|Any CPU
		{81395D30-0AA4-4327-A24F-CE157BAE6FF5}.DebugMono|x86.ActiveCfg = Debug|Any CPU
		{81395D30-0AA4-4327-A24F-CE157BAE6FF5}.Release|Any CPU.ActiveCfg = Release|Any CPU
		{81395D30-0AA4-4327-A24F-CE157BAE6FF5}.Release|Any CPU.Build.0 = Release|Any CPU
		{81395D30-0AA4-4327-A24F-CE157BAE6FF5}.Release|Mixed Platforms.ActiveCfg = Release|Any CPU
		{81395D30-0AA4-4327-A24F-CE157BAE6FF5}.Release|Mixed Platforms.Build.0 = Release|Any CPU
		{81395D30-0AA4-4327-A24F-CE157BAE6FF5}.Release|x86.ActiveCfg = Release|Any CPU
		{81395D30-0AA4-4327-A24F-CE157BAE6FF5}.ReleaseMono|Any CPU.ActiveCfg = Release|Any CPU
		{81395D30-0AA4-4327-A24F-CE157BAE6FF5}.ReleaseMono|Mixed Platforms.ActiveCfg = Release|Any CPU
		{81395D30-0AA4-4327-A24F-CE157BAE6FF5}.ReleaseMono|x86.ActiveCfg = Release|Any CPU
		{3527DA1D-1E25-48BE-A71E-9EBF7F9208D4}.Debug|Any CPU.ActiveCfg = Debug|Any CPU
		{3527DA1D-1E25-48BE-A71E-9EBF7F9208D4}.Debug|Any CPU.Build.0 = Debug|Any CPU
		{3527DA1D-1E25-48BE-A71E-9EBF7F9208D4}.Debug|Mixed Platforms.ActiveCfg = Debug|Any CPU
		{3527DA1D-1E25-48BE-A71E-9EBF7F9208D4}.Debug|Mixed Platforms.Build.0 = Debug|Any CPU
		{3527DA1D-1E25-48BE-A71E-9EBF7F9208D4}.Debug|x86.ActiveCfg = Debug|Any CPU
		{3527DA1D-1E25-48BE-A71E-9EBF7F9208D4}.DebugMono|Any CPU.ActiveCfg = DebugMono|Any CPU
		{3527DA1D-1E25-48BE-A71E-9EBF7F9208D4}.DebugMono|Any CPU.Build.0 = DebugMono|Any CPU
		{3527DA1D-1E25-48BE-A71E-9EBF7F9208D4}.DebugMono|Mixed Platforms.ActiveCfg = DebugMono|Any CPU
		{3527DA1D-1E25-48BE-A71E-9EBF7F9208D4}.DebugMono|Mixed Platforms.Build.0 = DebugMono|Any CPU
		{3527DA1D-1E25-48BE-A71E-9EBF7F9208D4}.DebugMono|x86.ActiveCfg = DebugMono|Any CPU
		{3527DA1D-1E25-48BE-A71E-9EBF7F9208D4}.Release|Any CPU.ActiveCfg = Release|Any CPU
		{3527DA1D-1E25-48BE-A71E-9EBF7F9208D4}.Release|Any CPU.Build.0 = Release|Any CPU
		{3527DA1D-1E25-48BE-A71E-9EBF7F9208D4}.Release|Mixed Platforms.ActiveCfg = Release|Any CPU
		{3527DA1D-1E25-48BE-A71E-9EBF7F9208D4}.Release|Mixed Platforms.Build.0 = Release|Any CPU
		{3527DA1D-1E25-48BE-A71E-9EBF7F9208D4}.Release|x86.ActiveCfg = Release|Any CPU
		{3527DA1D-1E25-48BE-A71E-9EBF7F9208D4}.ReleaseMono|Any CPU.ActiveCfg = ReleaseMono|Any CPU
		{3527DA1D-1E25-48BE-A71E-9EBF7F9208D4}.ReleaseMono|Any CPU.Build.0 = ReleaseMono|Any CPU
		{3527DA1D-1E25-48BE-A71E-9EBF7F9208D4}.ReleaseMono|Mixed Platforms.ActiveCfg = ReleaseMono|Any CPU
		{3527DA1D-1E25-48BE-A71E-9EBF7F9208D4}.ReleaseMono|Mixed Platforms.Build.0 = ReleaseMono|Any CPU
		{3527DA1D-1E25-48BE-A71E-9EBF7F9208D4}.ReleaseMono|x86.ActiveCfg = ReleaseMono|Any CPU
	EndGlobalSection
	GlobalSection(SolutionProperties) = preSolution
		HideSolutionNode = FALSE
	EndGlobalSection
EndGlobal
