
Microsoft Visual Studio Solution File, Format Version 10.00
# Visual Studio 2008
Project("{FAE04EC0-301F-11D3-BF4B-00C04F79EFBC}") = "FFSearchEngine", "src\FFSearchEngine\FFSearchEngine.csproj", "{C91F8E89-1044-47E5-BF87-0D72C5A57233}"
EndProject
Project("{FAE04EC0-301F-11D3-BF4B-00C04F79EFBC}") = "PaApp", "src\PaApp\PaApp.csproj", "{9292E7CB-A2C6-427D-A175-3D3311E7E47F}"
	ProjectSection(ProjectDependencies) = postProject
		{8A5CC7A9-D574-4139-8FF0-2CA7E688EC7B} = {8A5CC7A9-D574-4139-8FF0-2CA7E688EC7B}
	EndProjectSection
EndProject
Project("{FAE04EC0-301F-11D3-BF4B-00C04F79EFBC}") = "PaControls", "src\PaControls\PaControls.csproj", "{4E51E71D-58B4-4604-9491-F7153F7C20D2}"
	ProjectSection(ProjectDependencies) = postProject
		{8A5CC7A9-D574-4139-8FF0-2CA7E688EC7B} = {8A5CC7A9-D574-4139-8FF0-2CA7E688EC7B}
	EndProjectSection
EndProject
Project("{FAE04EC0-301F-11D3-BF4B-00C04F79EFBC}") = "PaDialogs", "src\PaDialogs\PaDialogs.csproj", "{693D71B7-FEF6-488E-B4F5-A2101011F9BE}"
EndProject
Project("{FAE04EC0-301F-11D3-BF4B-00C04F79EFBC}") = "PaDll", "src\PADll\PaDll.csproj", "{00949C26-524B-4E59-8698-3304BC3AD83D}"
EndProject
Project("{FAE04EC0-301F-11D3-BF4B-00C04F79EFBC}") = "PaExe", "src\PaExe\PaExe.csproj", "{C4347409-EFA4-47A0-AEF9-B6BB2378B1E5}"
EndProject
Project("{FAE04EC0-301F-11D3-BF4B-00C04F79EFBC}") = "PaResources", "src\PaResources\PaResources.csproj", "{39BC73FE-069E-41B8-8E5B-55C242F2A6FA}"
EndProject
Project("{FAE04EC0-301F-11D3-BF4B-00C04F79EFBC}") = "PCIEditor", "src\PCIEditor\PCIEditor.csproj", "{2DF12F00-34A3-48F1-AA94-0164368B45DA}"
EndProject
Project("{FAE04EC0-301F-11D3-BF4B-00C04F79EFBC}") = "AudioUtils", "src\AudioUtils\AudioUtils.csproj", "{4D4175D2-D8F6-44D8-89CF-02013226AF54}"
EndProject
Project("{FAE04EC0-301F-11D3-BF4B-00C04F79EFBC}") = "DataUtils", "src\DataUtils\DataUtils.csproj", "{66B583C3-8A36-4BBC-9F72-FEF125D8056C}"
EndProject
Project("{FAE04EC0-301F-11D3-BF4B-00C04F79EFBC}") = "UIAdapters", "src\UIAdapter (Framework 2.0)\UIAdapters.csproj", "{1B1BC7F4-3A87-485C-B0A8-84947821E55A}"
EndProject
Project("{FAE04EC0-301F-11D3-BF4B-00C04F79EFBC}") = "UIAdapterInterfaces", "src\UIAdapterInterfaces\UIAdapterInterfaces.csproj", "{8A5CC7A9-D574-4139-8FF0-2CA7E688EC7B}"
EndProject
Project("{FAE04EC0-301F-11D3-BF4B-00C04F79EFBC}") = "xCoreMediator", "src\xCoreMediator\xCoreMediator.csproj", "{0DB7FB82-AA04-4A97-B1E2-20C846A8D738}"
EndProject
Project("{FAE04EC0-301F-11D3-BF4B-00C04F79EFBC}") = "ZipUtils", "src\ZipUtils\ZipUtils.csproj", "{1F5778DC-6335-417F-B527-48582B81666D}"
EndProject
Project("{FAE04EC0-301F-11D3-BF4B-00C04F79EFBC}") = "SpeechToolsUtils", "src\SpeechToolsUtils\SpeechToolsUtils.csproj", "{45F4F307-5C89-46E1-B92B-0A2E3489FF6F}"
EndProject
Project("{FAE04EC0-301F-11D3-BF4B-00C04F79EFBC}") = "PaFeedbackAddOn", "src\PaFeedbackAddOn\PaFeedbackAddOn.csproj", "{30D1FA88-A9EE-41EF-AB8A-479976807B93}"
EndProject
Project("{FAE04EC0-301F-11D3-BF4B-00C04F79EFBC}") = "DisablePASplashScreen", "src\DisablePASplashScreen\DisablePASplashScreen.csproj", "{B101E338-1CA4-4398-96DE-55DFF283EE70}"
EndProject
Project("{FAE04EC0-301F-11D3-BF4B-00C04F79EFBC}") = "SilUtils", "src\SilUtils\SilUtils.csproj", "{87F94FCC-BC32-4203-A919-115F4FF43FF0}"
EndProject
Project("{FAE04EC0-301F-11D3-BF4B-00C04F79EFBC}") = "DataUtilsTests", "src\DataUtils\DataUtilsTests\DataUtilsTests.csproj", "{181D25E7-ED67-4F11-A454-9CFF90DE75FE}"
EndProject
Project("{FAE04EC0-301F-11D3-BF4B-00C04F79EFBC}") = "TestUtils", "src\TestUtils\TestUtils.csproj", "{ADB1EF2D-B54E-430E-864F-8ECC6F9674E8}"
EndProject
Project("{FAE04EC0-301F-11D3-BF4B-00C04F79EFBC}") = "FFSearchEngineTests", "src\FFSearchEngine\FFSearchEngineTests\FFSearchEngineTests.csproj", "{EB4A2C4B-6635-4697-B587-9E706620D159}"
EndProject
Global
	GlobalSection(SolutionConfigurationPlatforms) = preSolution
		Debug|Any CPU = Debug|Any CPU
		Release|Any CPU = Release|Any CPU
	EndGlobalSection
	GlobalSection(ProjectConfigurationPlatforms) = postSolution
		{C91F8E89-1044-47E5-BF87-0D72C5A57233}.Debug|Any CPU.ActiveCfg = Debug|Any CPU
		{C91F8E89-1044-47E5-BF87-0D72C5A57233}.Debug|Any CPU.Build.0 = Debug|Any CPU
		{C91F8E89-1044-47E5-BF87-0D72C5A57233}.Release|Any CPU.ActiveCfg = Release|Any CPU
		{C91F8E89-1044-47E5-BF87-0D72C5A57233}.Release|Any CPU.Build.0 = Release|Any CPU
		{9292E7CB-A2C6-427D-A175-3D3311E7E47F}.Debug|Any CPU.ActiveCfg = Debug|Any CPU
		{9292E7CB-A2C6-427D-A175-3D3311E7E47F}.Debug|Any CPU.Build.0 = Debug|Any CPU
		{9292E7CB-A2C6-427D-A175-3D3311E7E47F}.Release|Any CPU.ActiveCfg = Release|Any CPU
		{9292E7CB-A2C6-427D-A175-3D3311E7E47F}.Release|Any CPU.Build.0 = Release|Any CPU
		{4E51E71D-58B4-4604-9491-F7153F7C20D2}.Debug|Any CPU.ActiveCfg = Debug|Any CPU
		{4E51E71D-58B4-4604-9491-F7153F7C20D2}.Debug|Any CPU.Build.0 = Debug|Any CPU
		{4E51E71D-58B4-4604-9491-F7153F7C20D2}.Release|Any CPU.ActiveCfg = Release|Any CPU
		{4E51E71D-58B4-4604-9491-F7153F7C20D2}.Release|Any CPU.Build.0 = Release|Any CPU
		{693D71B7-FEF6-488E-B4F5-A2101011F9BE}.Debug|Any CPU.ActiveCfg = Debug|Any CPU
		{693D71B7-FEF6-488E-B4F5-A2101011F9BE}.Debug|Any CPU.Build.0 = Debug|Any CPU
		{693D71B7-FEF6-488E-B4F5-A2101011F9BE}.Release|Any CPU.ActiveCfg = Release|Any CPU
		{693D71B7-FEF6-488E-B4F5-A2101011F9BE}.Release|Any CPU.Build.0 = Release|Any CPU
		{00949C26-524B-4E59-8698-3304BC3AD83D}.Debug|Any CPU.ActiveCfg = Debug|Any CPU
		{00949C26-524B-4E59-8698-3304BC3AD83D}.Debug|Any CPU.Build.0 = Debug|Any CPU
		{00949C26-524B-4E59-8698-3304BC3AD83D}.Release|Any CPU.ActiveCfg = Release|Any CPU
		{00949C26-524B-4E59-8698-3304BC3AD83D}.Release|Any CPU.Build.0 = Release|Any CPU
		{C4347409-EFA4-47A0-AEF9-B6BB2378B1E5}.Debug|Any CPU.ActiveCfg = Debug|Any CPU
		{C4347409-EFA4-47A0-AEF9-B6BB2378B1E5}.Debug|Any CPU.Build.0 = Debug|Any CPU
		{C4347409-EFA4-47A0-AEF9-B6BB2378B1E5}.Release|Any CPU.ActiveCfg = Release|Any CPU
		{C4347409-EFA4-47A0-AEF9-B6BB2378B1E5}.Release|Any CPU.Build.0 = Release|Any CPU
		{39BC73FE-069E-41B8-8E5B-55C242F2A6FA}.Debug|Any CPU.ActiveCfg = Debug|Any CPU
		{39BC73FE-069E-41B8-8E5B-55C242F2A6FA}.Debug|Any CPU.Build.0 = Debug|Any CPU
		{39BC73FE-069E-41B8-8E5B-55C242F2A6FA}.Release|Any CPU.ActiveCfg = Release|Any CPU
		{39BC73FE-069E-41B8-8E5B-55C242F2A6FA}.Release|Any CPU.Build.0 = Release|Any CPU
		{2DF12F00-34A3-48F1-AA94-0164368B45DA}.Debug|Any CPU.ActiveCfg = Debug|Any CPU
		{2DF12F00-34A3-48F1-AA94-0164368B45DA}.Debug|Any CPU.Build.0 = Debug|Any CPU
		{2DF12F00-34A3-48F1-AA94-0164368B45DA}.Release|Any CPU.ActiveCfg = Release|Any CPU
		{2DF12F00-34A3-48F1-AA94-0164368B45DA}.Release|Any CPU.Build.0 = Release|Any CPU
		{4D4175D2-D8F6-44D8-89CF-02013226AF54}.Debug|Any CPU.ActiveCfg = Debug|Any CPU
		{4D4175D2-D8F6-44D8-89CF-02013226AF54}.Debug|Any CPU.Build.0 = Debug|Any CPU
		{4D4175D2-D8F6-44D8-89CF-02013226AF54}.Release|Any CPU.ActiveCfg = Release|Any CPU
		{4D4175D2-D8F6-44D8-89CF-02013226AF54}.Release|Any CPU.Build.0 = Release|Any CPU
		{66B583C3-8A36-4BBC-9F72-FEF125D8056C}.Debug|Any CPU.ActiveCfg = Debug|Any CPU
		{66B583C3-8A36-4BBC-9F72-FEF125D8056C}.Debug|Any CPU.Build.0 = Debug|Any CPU
		{66B583C3-8A36-4BBC-9F72-FEF125D8056C}.Release|Any CPU.ActiveCfg = Release|Any CPU
		{66B583C3-8A36-4BBC-9F72-FEF125D8056C}.Release|Any CPU.Build.0 = Release|Any CPU
		{1B1BC7F4-3A87-485C-B0A8-84947821E55A}.Debug|Any CPU.ActiveCfg = Debug|Any CPU
		{1B1BC7F4-3A87-485C-B0A8-84947821E55A}.Debug|Any CPU.Build.0 = Debug|Any CPU
		{1B1BC7F4-3A87-485C-B0A8-84947821E55A}.Release|Any CPU.ActiveCfg = Release|Any CPU
		{1B1BC7F4-3A87-485C-B0A8-84947821E55A}.Release|Any CPU.Build.0 = Release|Any CPU
		{8A5CC7A9-D574-4139-8FF0-2CA7E688EC7B}.Debug|Any CPU.ActiveCfg = Debug|Any CPU
		{8A5CC7A9-D574-4139-8FF0-2CA7E688EC7B}.Debug|Any CPU.Build.0 = Debug|Any CPU
		{8A5CC7A9-D574-4139-8FF0-2CA7E688EC7B}.Release|Any CPU.ActiveCfg = Release|Any CPU
		{8A5CC7A9-D574-4139-8FF0-2CA7E688EC7B}.Release|Any CPU.Build.0 = Release|Any CPU
		{0DB7FB82-AA04-4A97-B1E2-20C846A8D738}.Debug|Any CPU.ActiveCfg = Debug|Any CPU
		{0DB7FB82-AA04-4A97-B1E2-20C846A8D738}.Debug|Any CPU.Build.0 = Debug|Any CPU
		{0DB7FB82-AA04-4A97-B1E2-20C846A8D738}.Release|Any CPU.ActiveCfg = Release|Any CPU
		{0DB7FB82-AA04-4A97-B1E2-20C846A8D738}.Release|Any CPU.Build.0 = Release|Any CPU
		{1F5778DC-6335-417F-B527-48582B81666D}.Debug|Any CPU.ActiveCfg = Debug|Any CPU
		{1F5778DC-6335-417F-B527-48582B81666D}.Debug|Any CPU.Build.0 = Debug|Any CPU
		{1F5778DC-6335-417F-B527-48582B81666D}.Release|Any CPU.ActiveCfg = Release|Any CPU
		{1F5778DC-6335-417F-B527-48582B81666D}.Release|Any CPU.Build.0 = Release|Any CPU
		{45F4F307-5C89-46E1-B92B-0A2E3489FF6F}.Debug|Any CPU.ActiveCfg = Debug|Any CPU
		{45F4F307-5C89-46E1-B92B-0A2E3489FF6F}.Debug|Any CPU.Build.0 = Debug|Any CPU
		{45F4F307-5C89-46E1-B92B-0A2E3489FF6F}.Release|Any CPU.ActiveCfg = Release|Any CPU
		{45F4F307-5C89-46E1-B92B-0A2E3489FF6F}.Release|Any CPU.Build.0 = Release|Any CPU
		{30D1FA88-A9EE-41EF-AB8A-479976807B93}.Debug|Any CPU.ActiveCfg = Debug|Any CPU
		{30D1FA88-A9EE-41EF-AB8A-479976807B93}.Debug|Any CPU.Build.0 = Debug|Any CPU
		{30D1FA88-A9EE-41EF-AB8A-479976807B93}.Release|Any CPU.ActiveCfg = Release|Any CPU
		{30D1FA88-A9EE-41EF-AB8A-479976807B93}.Release|Any CPU.Build.0 = Release|Any CPU
		{B101E338-1CA4-4398-96DE-55DFF283EE70}.Debug|Any CPU.ActiveCfg = Debug|Any CPU
		{B101E338-1CA4-4398-96DE-55DFF283EE70}.Debug|Any CPU.Build.0 = Debug|Any CPU
		{B101E338-1CA4-4398-96DE-55DFF283EE70}.Release|Any CPU.ActiveCfg = Release|Any CPU
		{B101E338-1CA4-4398-96DE-55DFF283EE70}.Release|Any CPU.Build.0 = Release|Any CPU
		{87F94FCC-BC32-4203-A919-115F4FF43FF0}.Debug|Any CPU.ActiveCfg = Debug|Any CPU
		{87F94FCC-BC32-4203-A919-115F4FF43FF0}.Debug|Any CPU.Build.0 = Debug|Any CPU
		{87F94FCC-BC32-4203-A919-115F4FF43FF0}.Release|Any CPU.ActiveCfg = Release|Any CPU
		{87F94FCC-BC32-4203-A919-115F4FF43FF0}.Release|Any CPU.Build.0 = Release|Any CPU
		{181D25E7-ED67-4F11-A454-9CFF90DE75FE}.Debug|Any CPU.ActiveCfg = Debug|Any CPU
		{181D25E7-ED67-4F11-A454-9CFF90DE75FE}.Debug|Any CPU.Build.0 = Debug|Any CPU
		{181D25E7-ED67-4F11-A454-9CFF90DE75FE}.Release|Any CPU.ActiveCfg = Release|Any CPU
		{181D25E7-ED67-4F11-A454-9CFF90DE75FE}.Release|Any CPU.Build.0 = Release|Any CPU
		{ADB1EF2D-B54E-430E-864F-8ECC6F9674E8}.Debug|Any CPU.ActiveCfg = Debug|Any CPU
		{ADB1EF2D-B54E-430E-864F-8ECC6F9674E8}.Debug|Any CPU.Build.0 = Debug|Any CPU
		{ADB1EF2D-B54E-430E-864F-8ECC6F9674E8}.Release|Any CPU.ActiveCfg = Release|Any CPU
		{ADB1EF2D-B54E-430E-864F-8ECC6F9674E8}.Release|Any CPU.Build.0 = Release|Any CPU
		{EB4A2C4B-6635-4697-B587-9E706620D159}.Debug|Any CPU.ActiveCfg = Debug|Any CPU
		{EB4A2C4B-6635-4697-B587-9E706620D159}.Debug|Any CPU.Build.0 = Debug|Any CPU
		{EB4A2C4B-6635-4697-B587-9E706620D159}.Release|Any CPU.ActiveCfg = Release|Any CPU
		{EB4A2C4B-6635-4697-B587-9E706620D159}.Release|Any CPU.Build.0 = Release|Any CPU
	EndGlobalSection
	GlobalSection(SolutionProperties) = preSolution
		HideSolutionNode = FALSE
	EndGlobalSection
EndGlobal
